// !$*UTF8*$!
{
	archiveVersion = 1;
	classes = {
	};
	objectVersion = 56;
	objects = {

/* Begin PBXBuildFile section */
		E1074BF02A93AF19005BF21B /* ProfileViewAdapter.swift in Sources */ = {isa = PBXBuildFile; fileRef = E1074BEF2A93AF19005BF21B /* ProfileViewAdapter.swift */; };
		E1074BF22A93AF7E005BF21B /* ProfileFlow.swift in Sources */ = {isa = PBXBuildFile; fileRef = E1074BF12A93AF7E005BF21B /* ProfileFlow.swift */; };
		E1074BF52A93B03D005BF21B /* SharedKeys.swift in Sources */ = {isa = PBXBuildFile; fileRef = E1074BF42A93B03D005BF21B /* SharedKeys.swift */; };
		E1074BF72A93F019005BF21B /* ProfileImageStore.swift in Sources */ = {isa = PBXBuildFile; fileRef = E1074BF62A93F019005BF21B /* ProfileImageStore.swift */; };
		E1074BFA2A93F130005BF21B /* FirebaseStorageProfileImageStore.swift in Sources */ = {isa = PBXBuildFile; fileRef = E1074BF92A93F130005BF21B /* FirebaseStorageProfileImageStore.swift */; };
		E1074BFC2A93F15A005BF21B /* FirebaseStorage in Frameworks */ = {isa = PBXBuildFile; productRef = E1074BFB2A93F15A005BF21B /* FirebaseStorage */; };
		E1074BFE2A9400AE005BF21B /* UploadImageProfileAdapter.swift in Sources */ = {isa = PBXBuildFile; fileRef = E1074BFD2A9400AE005BF21B /* UploadImageProfileAdapter.swift */; };
		E1074C002A940466005BF21B /* StoreModifier.swift in Sources */ = {isa = PBXBuildFile; fileRef = E1074BFF2A940466005BF21B /* StoreModifier.swift */; };
		E1074C022A941E15005BF21B /* FirebaseStorage in Frameworks */ = {isa = PBXBuildFile; productRef = E1074C012A941E15005BF21B /* FirebaseStorage */; };
		E1074C052A941F22005BF21B /* DetailCatalogue.storyboard in Resources */ = {isa = PBXBuildFile; fileRef = E1074C042A941F22005BF21B /* DetailCatalogue.storyboard */; };
		E1074C072A942B97005BF21B /* DetailCatalogueItemViewController.swift in Sources */ = {isa = PBXBuildFile; fileRef = E1074C062A942B97005BF21B /* DetailCatalogueItemViewController.swift */; };
		E1074C092A942D96005BF21B /* DetailCatalogueUIComposer.swift in Sources */ = {isa = PBXBuildFile; fileRef = E1074C082A942D96005BF21B /* DetailCatalogueUIComposer.swift */; };
		E1074C0B2A943134005BF21B /* DetailCatalogueItemViewModel.swift in Sources */ = {isa = PBXBuildFile; fileRef = E1074C0A2A943134005BF21B /* DetailCatalogueItemViewModel.swift */; };
		E1074C0D2A9435A7005BF21B /* DetailCatalogueResourceViewAdapter.swift in Sources */ = {isa = PBXBuildFile; fileRef = E1074C0C2A9435A7005BF21B /* DetailCatalogueResourceViewAdapter.swift */; };
		E1074C0F2A943640005BF21B /* DetailCatalogueImageViewAdapter.swift in Sources */ = {isa = PBXBuildFile; fileRef = E1074C0E2A943640005BF21B /* DetailCatalogueImageViewAdapter.swift */; };
		E1074C182A94B4AE005BF21B /* OrderCatalogueItem.swift in Sources */ = {isa = PBXBuildFile; fileRef = E1074C172A94B4AE005BF21B /* OrderCatalogueItem.swift */; };
		E1074C1B2A94B548005BF21B /* OrderCatalogueItemsMapper.swift in Sources */ = {isa = PBXBuildFile; fileRef = E1074C1A2A94B548005BF21B /* OrderCatalogueItemsMapper.swift */; };
		E1074C1E2A94B670005BF21B /* StoreSaver.swift in Sources */ = {isa = PBXBuildFile; fileRef = E1074C1D2A94B670005BF21B /* StoreSaver.swift */; };
		E1074C232A94BFC1005BF21B /* DetailCatalogueItemPresenter.swift in Sources */ = {isa = PBXBuildFile; fileRef = E1074C222A94BFC1005BF21B /* DetailCatalogueItemPresenter.swift */; };
		E1074C272A94C9A9005BF21B /* OrderCatalogueItemsMapperTests.swift in Sources */ = {isa = PBXBuildFile; fileRef = E1074C262A94C9A9005BF21B /* OrderCatalogueItemsMapperTests.swift */; };
		E1074C292A94D08F005BF21B /* StoreOrderCatalogueSaver.swift in Sources */ = {isa = PBXBuildFile; fileRef = E1074C282A94D08F005BF21B /* StoreOrderCatalogueSaver.swift */; };
		E1074C2B2A94D22E005BF21B /* StoredOrderCatalogueItem.swift in Sources */ = {isa = PBXBuildFile; fileRef = E1074C2A2A94D22E005BF21B /* StoredOrderCatalogueItem.swift */; };
		E1074C2D2A94D35E005BF21B /* SaveOrderCatalogueIntoStoreTests.swift in Sources */ = {isa = PBXBuildFile; fileRef = E1074C2C2A94D35E005BF21B /* SaveOrderCatalogueIntoStoreTests.swift */; };
		E1074C302A94D8CC005BF21B /* XCTestCase+MemoryLeakTracking.swift in Sources */ = {isa = PBXBuildFile; fileRef = E1074C2F2A94D8CC005BF21B /* XCTestCase+MemoryLeakTracking.swift */; };
		E1074C362A94E7E6005BF21B /* CartCatalogueItemCell.swift in Sources */ = {isa = PBXBuildFile; fileRef = E1074C352A94E7E6005BF21B /* CartCatalogueItemCell.swift */; };
		E1074C3C2A94EC22005BF21B /* UITableView+DequeueCell.swift in Sources */ = {isa = PBXBuildFile; fileRef = E1074C3B2A94EC22005BF21B /* UITableView+DequeueCell.swift */; };
		E1074C3E2A94EC61005BF21B /* UIView+Shimmering.swift in Sources */ = {isa = PBXBuildFile; fileRef = E1074C3D2A94EC61005BF21B /* UIView+Shimmering.swift */; };
		E1074C402A94EC7C005BF21B /* UIImageView+ImageAnimated.swift in Sources */ = {isa = PBXBuildFile; fileRef = E1074C3F2A94EC7C005BF21B /* UIImageView+ImageAnimated.swift */; };
		E1074C462A94EF20005BF21B /* CartCatalogueItemCellController.swift in Sources */ = {isa = PBXBuildFile; fileRef = E1074C452A94EF20005BF21B /* CartCatalogueItemCellController.swift */; };
		E1074C4A2A94F04F005BF21B /* CartCatalogueItemViewModel.swift in Sources */ = {isa = PBXBuildFile; fileRef = E1074C492A94F04F005BF21B /* CartCatalogueItemViewModel.swift */; };
		E1074C4E2A94F109005BF21B /* CartCatalogueItem.swift in Sources */ = {isa = PBXBuildFile; fileRef = E1074C4D2A94F109005BF21B /* CartCatalogueItem.swift */; };
		E1074C512A94F1AE005BF21B /* CartUIComposer.swift in Sources */ = {isa = PBXBuildFile; fileRef = E1074C502A94F1AE005BF21B /* CartUIComposer.swift */; };
		E1074C532A94F3F2005BF21B /* CartCatalogueItemPresenter.swift in Sources */ = {isa = PBXBuildFile; fileRef = E1074C522A94F3F2005BF21B /* CartCatalogueItemPresenter.swift */; };
		E1074C552A94F421005BF21B /* CartResourceViewAdapter.swift in Sources */ = {isa = PBXBuildFile; fileRef = E1074C542A94F421005BF21B /* CartResourceViewAdapter.swift */; };
		E1074C5A2A94F788005BF21B /* CartCatalogueFlow.swift in Sources */ = {isa = PBXBuildFile; fileRef = E1074C592A94F788005BF21B /* CartCatalogueFlow.swift */; };
		E1074C5C2A94FEBF005BF21B /* SharedFirestoreClient.swift in Sources */ = {isa = PBXBuildFile; fileRef = E1074C5B2A94FEBF005BF21B /* SharedFirestoreClient.swift */; };
		E1074C622A95479D005BF21B /* MainTabBarViewController.swift in Sources */ = {isa = PBXBuildFile; fileRef = E1074C612A95479D005BF21B /* MainTabBarViewController.swift */; };
		E1074C642A954AF7005BF21B /* MainTabBarViewModel.swift in Sources */ = {isa = PBXBuildFile; fileRef = E1074C632A954AF7005BF21B /* MainTabBarViewModel.swift */; };
		E137FD882A9261EE0018D48B /* AuthenticationFlow.swift in Sources */ = {isa = PBXBuildFile; fileRef = E137FD872A9261EE0018D48B /* AuthenticationFlow.swift */; };
		E1595A122A8FF75F00B3DA3F /* LoginViewController.swift in Sources */ = {isa = PBXBuildFile; fileRef = E1595A112A8FF75F00B3DA3F /* LoginViewController.swift */; };
		E1595A162A8FF96300B3DA3F /* LoginSnapshotTests.swift in Sources */ = {isa = PBXBuildFile; fileRef = E1595A152A8FF96300B3DA3F /* LoginSnapshotTests.swift */; };
		E1595A192A8FF9DB00B3DA3F /* XCTestCase+Snapshot.swift in Sources */ = {isa = PBXBuildFile; fileRef = E1595A182A8FF9DA00B3DA3F /* XCTestCase+Snapshot.swift */; };
		E1595A1B2A8FFA4500B3DA3F /* UIViewController+Snapshot.swift in Sources */ = {isa = PBXBuildFile; fileRef = E1595A1A2A8FFA4500B3DA3F /* UIViewController+Snapshot.swift */; };
		E1595A1E2A8FFD7C00B3DA3F /* LOGIN_INITIAL_SETUP_light.png in Resources */ = {isa = PBXBuildFile; fileRef = E1595A1D2A8FFD7C00B3DA3F /* LOGIN_INITIAL_SETUP_light.png */; };
		E168040F2A8F7E080051B8E5 /* StoredUserAccountUseCaseTests.swift in Sources */ = {isa = PBXBuildFile; fileRef = E168040E2A8F7E080051B8E5 /* StoredUserAccountUseCaseTests.swift */; };
		E16804132A8F8CE70051B8E5 /* RegistrationUserAccount.swift in Sources */ = {isa = PBXBuildFile; fileRef = E16804122A8F8CE70051B8E5 /* RegistrationUserAccount.swift */; };
		E16804162A8F8D340051B8E5 /* RegistrationUserAccountStore.swift in Sources */ = {isa = PBXBuildFile; fileRef = E16804152A8F8D340051B8E5 /* RegistrationUserAccountStore.swift */; };
		E16804182A8F8D510051B8E5 /* StoredRegistrationUserAccount.swift in Sources */ = {isa = PBXBuildFile; fileRef = E16804172A8F8D510051B8E5 /* StoredRegistrationUserAccount.swift */; };
		E168041A2A8F8DD80051B8E5 /* RegistrationUserAccountService.swift in Sources */ = {isa = PBXBuildFile; fileRef = E16804192A8F8DD80051B8E5 /* RegistrationUserAccountService.swift */; };
		E168041F2A8FA47A0051B8E5 /* Login.storyboard in Resources */ = {isa = PBXBuildFile; fileRef = E168041E2A8FA47A0051B8E5 /* Login.storyboard */; };
		E1891EAB2A935E9E001F18FF /* ListViewController.swift in Sources */ = {isa = PBXBuildFile; fileRef = E1891EAA2A935E9E001F18FF /* ListViewController.swift */; };
		E1891EAD2A936164001F18FF /* CellController.swift in Sources */ = {isa = PBXBuildFile; fileRef = E1891EAC2A936164001F18FF /* CellController.swift */; };
		E1891EAF2A93628A001F18FF /* CatalogueItemCell.swift in Sources */ = {isa = PBXBuildFile; fileRef = E1891EAE2A93628A001F18FF /* CatalogueItemCell.swift */; };
		E1891EB22A936490001F18FF /* CatalogueItemCellController.swift in Sources */ = {isa = PBXBuildFile; fileRef = E1891EB12A936490001F18FF /* CatalogueItemCellController.swift */; };
		E1891EB52A93668E001F18FF /* LoadResourcePresenter.swift in Sources */ = {isa = PBXBuildFile; fileRef = E1891EB42A93668E001F18FF /* LoadResourcePresenter.swift */; };
		E1891EB72A93673C001F18FF /* ResourceLoadingView.swift in Sources */ = {isa = PBXBuildFile; fileRef = E1891EB62A93673C001F18FF /* ResourceLoadingView.swift */; };
		E1891EB92A93674D001F18FF /* ResourceLoadingViewModel.swift in Sources */ = {isa = PBXBuildFile; fileRef = E1891EB82A93674D001F18FF /* ResourceLoadingViewModel.swift */; };
		E1891EBB2A93675B001F18FF /* ResourceErrorView.swift in Sources */ = {isa = PBXBuildFile; fileRef = E1891EBA2A93675B001F18FF /* ResourceErrorView.swift */; };
		E1891EBD2A936767001F18FF /* ResourceErrorViewModel.swift in Sources */ = {isa = PBXBuildFile; fileRef = E1891EBC2A936767001F18FF /* ResourceErrorViewModel.swift */; };
		E1891EC02A9367F4001F18FF /* CatalogueUIComposer.swift in Sources */ = {isa = PBXBuildFile; fileRef = E1891EBF2A9367F4001F18FF /* CatalogueUIComposer.swift */; };
		E1891EC22A936B10001F18FF /* LoadResourcePresentationAdapter.swift in Sources */ = {isa = PBXBuildFile; fileRef = E1891EC12A936B10001F18FF /* LoadResourcePresentationAdapter.swift */; };
		E1891EC42A936B22001F18FF /* CatalogueViewAdapter.swift in Sources */ = {isa = PBXBuildFile; fileRef = E1891EC32A936B22001F18FF /* CatalogueViewAdapter.swift */; };
		E1891EC72A936D52001F18FF /* MotorcycleCatalogueItemPresenter.swift in Sources */ = {isa = PBXBuildFile; fileRef = E1891EC62A936D52001F18FF /* MotorcycleCatalogueItemPresenter.swift */; };
		E1891EC92A936D8D001F18FF /* CatalogueItemViewModel.swift in Sources */ = {isa = PBXBuildFile; fileRef = E1891EC82A936D8D001F18FF /* CatalogueItemViewModel.swift */; };
		E1891ECB2A936FFD001F18FF /* CataloguePresenter.swift in Sources */ = {isa = PBXBuildFile; fileRef = E1891ECA2A936FFD001F18FF /* CataloguePresenter.swift */; };
		E1891ECD2A9370DA001F18FF /* MotorcycleCatalogueFlow.swift in Sources */ = {isa = PBXBuildFile; fileRef = E1891ECC2A9370DA001F18FF /* MotorcycleCatalogueFlow.swift */; };
		E1891ED02A93728B001F18FF /* HTTPClient.swift in Sources */ = {isa = PBXBuildFile; fileRef = E1891ECF2A93728B001F18FF /* HTTPClient.swift */; };
		E1891ED32A937364001F18FF /* URLSessionHTTPClient.swift in Sources */ = {isa = PBXBuildFile; fileRef = E1891ED22A937364001F18FF /* URLSessionHTTPClient.swift */; };
		E1891ED62A9374F7001F18FF /* GalleryImageDataMapper.swift in Sources */ = {isa = PBXBuildFile; fileRef = E1891ED52A9374F7001F18FF /* GalleryImageDataMapper.swift */; };
		E1891EDD2A938553001F18FF /* ProfileUserAccount.swift in Sources */ = {isa = PBXBuildFile; fileRef = E1891EDC2A938553001F18FF /* ProfileUserAccount.swift */; };
		E1891EE22A9386C3001F18FF /* ProfileUserAccountMapper.swift in Sources */ = {isa = PBXBuildFile; fileRef = E1891EE12A9386C3001F18FF /* ProfileUserAccountMapper.swift */; };
		E1891EE62A93886D001F18FF /* ProfileUserAccountMapperTests.swift in Sources */ = {isa = PBXBuildFile; fileRef = E1891EE52A93886D001F18FF /* ProfileUserAccountMapperTests.swift */; };
		E1891EE92A938A42001F18FF /* StoreRetriever.swift in Sources */ = {isa = PBXBuildFile; fileRef = E1891EE82A938A42001F18FF /* StoreRetriever.swift */; };
		E1891EEB2A938AD5001F18FF /* StoreQuery.swift in Sources */ = {isa = PBXBuildFile; fileRef = E1891EEA2A938AD5001F18FF /* StoreQuery.swift */; };
		E1891EF32A93AB10001F18FF /* ProfileUIComposer.swift in Sources */ = {isa = PBXBuildFile; fileRef = E1891EF22A93AB10001F18FF /* ProfileUIComposer.swift */; };
		E18D795F2A8E57B5007DEEE1 /* ValidateUserAuthenticationStoreTests.swift in Sources */ = {isa = PBXBuildFile; fileRef = E18D795E2A8E57B5007DEEE1 /* ValidateUserAuthenticationStoreTests.swift */; };
		E18D79632A8EA541007DEEE1 /* AuthenticationUserStore.swift in Sources */ = {isa = PBXBuildFile; fileRef = E18D79622A8EA541007DEEE1 /* AuthenticationUserStore.swift */; };
		E18D79662A8EA5B2007DEEE1 /* UserAccount.swift in Sources */ = {isa = PBXBuildFile; fileRef = E18D79652A8EA5B2007DEEE1 /* UserAccount.swift */; };
		E18D796A2A8EAC4E007DEEE1 /* AuthenticationUserBody.swift in Sources */ = {isa = PBXBuildFile; fileRef = E18D79692A8EAC4E007DEEE1 /* AuthenticationUserBody.swift */; };
		E18D796C2A8EAD4F007DEEE1 /* StoredUserAccount.swift in Sources */ = {isa = PBXBuildFile; fileRef = E18D796B2A8EAD4F007DEEE1 /* StoredUserAccount.swift */; };
		E18D796E2A8EAD60007DEEE1 /* AuthenticationValidationService.swift in Sources */ = {isa = PBXBuildFile; fileRef = E18D796D2A8EAD60007DEEE1 /* AuthenticationValidationService.swift */; };
		E18F0ACE2A91005A003CEC98 /* LOGIN_LOADING_light.png in Resources */ = {isa = PBXBuildFile; fileRef = E18F0ACB2A91005A003CEC98 /* LOGIN_LOADING_light.png */; };
		E18F0ACF2A91005A003CEC98 /* LOGIN_NOT_ALL_FIELDS_FILLED_light.png in Resources */ = {isa = PBXBuildFile; fileRef = E18F0ACC2A91005A003CEC98 /* LOGIN_NOT_ALL_FIELDS_FILLED_light.png */; };
		E18F0AD02A91005A003CEC98 /* LOGIN_FIELDS_FILLED_light.png in Resources */ = {isa = PBXBuildFile; fileRef = E18F0ACD2A91005A003CEC98 /* LOGIN_FIELDS_FILLED_light.png */; };
		E18F0AD42A910162003CEC98 /* Registration.storyboard in Resources */ = {isa = PBXBuildFile; fileRef = E18F0AD32A910162003CEC98 /* Registration.storyboard */; };
		E18F0AD72A910421003CEC98 /* RegistrationViewController.swift in Sources */ = {isa = PBXBuildFile; fileRef = E18F0AD62A910421003CEC98 /* RegistrationViewController.swift */; };
		E18F0ADA2A9105BA003CEC98 /* RegistrationSnapshotTests.swift in Sources */ = {isa = PBXBuildFile; fileRef = E18F0AD92A9105BA003CEC98 /* RegistrationSnapshotTests.swift */; };
		E18F0AE02A9109DD003CEC98 /* REGISTRATION_LOADING_light.png in Resources */ = {isa = PBXBuildFile; fileRef = E18F0ADC2A9109DC003CEC98 /* REGISTRATION_LOADING_light.png */; };
		E18F0AE12A9109DD003CEC98 /* REGISTRATION_INITIAL_SETUP_light.png in Resources */ = {isa = PBXBuildFile; fileRef = E18F0ADD2A9109DC003CEC98 /* REGISTRATION_INITIAL_SETUP_light.png */; };
		E18F0AE22A9109DD003CEC98 /* REGISTRATION_FIELDS_FILLED_light.png in Resources */ = {isa = PBXBuildFile; fileRef = E18F0ADE2A9109DC003CEC98 /* REGISTRATION_FIELDS_FILLED_light.png */; };
		E18F0AE32A9109DD003CEC98 /* REGISTRATION_NOT_ALL_FIELDS_FILLED_light.png in Resources */ = {isa = PBXBuildFile; fileRef = E18F0ADF2A9109DC003CEC98 /* REGISTRATION_NOT_ALL_FIELDS_FILLED_light.png */; };
		E18F0AE72A9112F2003CEC98 /* SendResourcePresenter.swift in Sources */ = {isa = PBXBuildFile; fileRef = E18F0AE62A9112F2003CEC98 /* SendResourcePresenter.swift */; };
		E18F0AE92A913DB1003CEC98 /* SendResourceSucceedView.swift in Sources */ = {isa = PBXBuildFile; fileRef = E18F0AE82A913DB1003CEC98 /* SendResourceSucceedView.swift */; };
		E18F0AEB2A913DC2003CEC98 /* SendResourceLoadingViewModel.swift in Sources */ = {isa = PBXBuildFile; fileRef = E18F0AEA2A913DC2003CEC98 /* SendResourceLoadingViewModel.swift */; };
		E18F0AED2A913DD0003CEC98 /* SendResourceLoadingView.swift in Sources */ = {isa = PBXBuildFile; fileRef = E18F0AEC2A913DD0003CEC98 /* SendResourceLoadingView.swift */; };
		E18F0AEF2A913DE7003CEC98 /* SendResourceErrorViewModel.swift in Sources */ = {isa = PBXBuildFile; fileRef = E18F0AEE2A913DE7003CEC98 /* SendResourceErrorViewModel.swift */; };
		E18F0AF12A913E1B003CEC98 /* SendResourceErrorView.swift in Sources */ = {isa = PBXBuildFile; fileRef = E18F0AF02A913E1B003CEC98 /* SendResourceErrorView.swift */; };
		E18F0AF52A913F0F003CEC98 /* SendResourcePresentationAdapter.swift in Sources */ = {isa = PBXBuildFile; fileRef = E18F0AF42A913F0F003CEC98 /* SendResourcePresentationAdapter.swift */; };
		E18F0AF92A91418C003CEC98 /* CombineHelpers.swift in Sources */ = {isa = PBXBuildFile; fileRef = E18F0AF82A91418C003CEC98 /* CombineHelpers.swift */; };
		E18F0AFC2A9142A1003CEC98 /* LoginUIComposer.swift in Sources */ = {isa = PBXBuildFile; fileRef = E18F0AFB2A9142A1003CEC98 /* LoginUIComposer.swift */; };
		E18F0AFE2A914688003CEC98 /* WeakRefVirtualProxy.swift in Sources */ = {isa = PBXBuildFile; fileRef = E18F0AFD2A914688003CEC98 /* WeakRefVirtualProxy.swift */; };
		E18F0B002A914AC4003CEC98 /* LoginErrorViewAdapter.swift in Sources */ = {isa = PBXBuildFile; fileRef = E18F0AFF2A914AC4003CEC98 /* LoginErrorViewAdapter.swift */; };
		E18F0B032A914DC6003CEC98 /* RegistrationUIComposer.swift in Sources */ = {isa = PBXBuildFile; fileRef = E18F0B022A914DC6003CEC98 /* RegistrationUIComposer.swift */; };
		E18F0B052A914F28003CEC98 /* RegistrationErrorViewAdapter.swift in Sources */ = {isa = PBXBuildFile; fileRef = E18F0B042A914F28003CEC98 /* RegistrationErrorViewAdapter.swift */; };
		E18F0B092A91C0E6003CEC98 /* KeychainAccountCacheStoreTests.swift in Sources */ = {isa = PBXBuildFile; fileRef = E18F0B082A91C0E6003CEC98 /* KeychainAccountCacheStoreTests.swift */; };
		E18F0B0B2A91D674003CEC98 /* AccountCacheStoreSaver.swift in Sources */ = {isa = PBXBuildFile; fileRef = E18F0B0A2A91D674003CEC98 /* AccountCacheStoreSaver.swift */; };
		E18F0B0D2A91D6C2003CEC98 /* AccountCacheStoreRetriever.swift in Sources */ = {isa = PBXBuildFile; fileRef = E18F0B0C2A91D6C2003CEC98 /* AccountCacheStoreRetriever.swift */; };
		E18F0B102A91D6E6003CEC98 /* KeychainAccountCacheStore.swift in Sources */ = {isa = PBXBuildFile; fileRef = E18F0B0F2A91D6E6003CEC98 /* KeychainAccountCacheStore.swift */; };
		E18F0B122A91D745003CEC98 /* AccountCacheStoreRemover.swift in Sources */ = {isa = PBXBuildFile; fileRef = E18F0B112A91D745003CEC98 /* AccountCacheStoreRemover.swift */; };
		E18F0B162A91D967003CEC98 /* MotorcycleCatalogueItem.swift in Sources */ = {isa = PBXBuildFile; fileRef = E18F0B152A91D967003CEC98 /* MotorcycleCatalogueItem.swift */; };
		E18F0B1C2A91DC19003CEC98 /* MotorycleCatalogueStore.swift in Sources */ = {isa = PBXBuildFile; fileRef = E18F0B1B2A91DC19003CEC98 /* MotorycleCatalogueStore.swift */; };
		E18F0B222A91DE16003CEC98 /* MotorycleCatalogueItemsMapperTests.swift in Sources */ = {isa = PBXBuildFile; fileRef = E18F0B212A91DE16003CEC98 /* MotorycleCatalogueItemsMapperTests.swift */; };
		E18F0B242A91E4B9003CEC98 /* MotorycleCatalogueItemsMapper.swift in Sources */ = {isa = PBXBuildFile; fileRef = E18F0B232A91E4B9003CEC98 /* MotorycleCatalogueItemsMapper.swift */; };
		E18F0B302A92126C003CEC98 /* Catalogue.storyboard in Resources */ = {isa = PBXBuildFile; fileRef = E18F0B2F2A92126C003CEC98 /* Catalogue.storyboard */; };
		E18F0B342A92189C003CEC98 /* Cart.storyboard in Resources */ = {isa = PBXBuildFile; fileRef = E18F0B332A92189C003CEC98 /* Cart.storyboard */; };
		E18F0B372A922E1C003CEC98 /* Profile.storyboard in Resources */ = {isa = PBXBuildFile; fileRef = E18F0B362A922E1C003CEC98 /* Profile.storyboard */; };
		E18F0B3B2A92328B003CEC98 /* ProfileViewController.swift in Sources */ = {isa = PBXBuildFile; fileRef = E18F0B3A2A92328B003CEC98 /* ProfileViewController.swift */; };
		E18F0B4D2A925E39003CEC98 /* FirestoreAuthenticationUserStore.swift in Sources */ = {isa = PBXBuildFile; fileRef = E18F0B4C2A925E39003CEC98 /* FirestoreAuthenticationUserStore.swift */; };
		E1A6D7B52A8C8F1F0094F71C /* AppDelegate.swift in Sources */ = {isa = PBXBuildFile; fileRef = E1A6D7B42A8C8F1F0094F71C /* AppDelegate.swift */; };
		E1A6D7B72A8C8F1F0094F71C /* SceneDelegate.swift in Sources */ = {isa = PBXBuildFile; fileRef = E1A6D7B62A8C8F1F0094F71C /* SceneDelegate.swift */; };
		E1A6D7BE2A8C8F200094F71C /* Assets.xcassets in Resources */ = {isa = PBXBuildFile; fileRef = E1A6D7BD2A8C8F200094F71C /* Assets.xcassets */; };
		E1A6D7C12A8C8F200094F71C /* LaunchScreen.storyboard in Resources */ = {isa = PBXBuildFile; fileRef = E1A6D7BF2A8C8F200094F71C /* LaunchScreen.storyboard */; };
		E1A6D7E52A8C8F6E0094F71C /* GoogleService-Info.plist in Resources */ = {isa = PBXBuildFile; fileRef = E1A6D7E42A8C8F6E0094F71C /* GoogleService-Info.plist */; };
		E1A6D7E82A8C90780094F71C /* FirebaseFirestore in Frameworks */ = {isa = PBXBuildFile; productRef = E1A6D7E72A8C90780094F71C /* FirebaseFirestore */; };
		E1A6D7EB2A8C94C20094F71C /* FirebaseFirestore in Frameworks */ = {isa = PBXBuildFile; productRef = E1A6D7EA2A8C94C20094F71C /* FirebaseFirestore */; };
		E1A7675E2A9356860082DB5A /* FirestoreMotorycleCatalogueStore.swift in Sources */ = {isa = PBXBuildFile; fileRef = E1A7675D2A9356860082DB5A /* FirestoreMotorycleCatalogueStore.swift */; };
/* End PBXBuildFile section */

/* Begin PBXContainerItemProxy section */
		E1A6D7C82A8C8F200094F71C /* PBXContainerItemProxy */ = {
			isa = PBXContainerItemProxy;
			containerPortal = E1A6D7A92A8C8F1F0094F71C /* Project object */;
			proxyType = 1;
			remoteGlobalIDString = E1A6D7B02A8C8F1F0094F71C;
			remoteInfo = NawatechGallery;
		};
/* End PBXContainerItemProxy section */

/* Begin PBXFileReference section */
		E1074BEF2A93AF19005BF21B /* ProfileViewAdapter.swift */ = {isa = PBXFileReference; lastKnownFileType = sourcecode.swift; path = ProfileViewAdapter.swift; sourceTree = "<group>"; };
		E1074BF12A93AF7E005BF21B /* ProfileFlow.swift */ = {isa = PBXFileReference; lastKnownFileType = sourcecode.swift; path = ProfileFlow.swift; sourceTree = "<group>"; };
		E1074BF42A93B03D005BF21B /* SharedKeys.swift */ = {isa = PBXFileReference; lastKnownFileType = sourcecode.swift; path = SharedKeys.swift; sourceTree = "<group>"; };
		E1074BF62A93F019005BF21B /* ProfileImageStore.swift */ = {isa = PBXFileReference; lastKnownFileType = sourcecode.swift; path = ProfileImageStore.swift; sourceTree = "<group>"; };
		E1074BF92A93F130005BF21B /* FirebaseStorageProfileImageStore.swift */ = {isa = PBXFileReference; lastKnownFileType = sourcecode.swift; path = FirebaseStorageProfileImageStore.swift; sourceTree = "<group>"; };
		E1074BFD2A9400AE005BF21B /* UploadImageProfileAdapter.swift */ = {isa = PBXFileReference; lastKnownFileType = sourcecode.swift; path = UploadImageProfileAdapter.swift; sourceTree = "<group>"; };
		E1074BFF2A940466005BF21B /* StoreModifier.swift */ = {isa = PBXFileReference; lastKnownFileType = sourcecode.swift; path = StoreModifier.swift; sourceTree = "<group>"; };
		E1074C042A941F22005BF21B /* DetailCatalogue.storyboard */ = {isa = PBXFileReference; lastKnownFileType = file.storyboard; path = DetailCatalogue.storyboard; sourceTree = "<group>"; };
		E1074C062A942B97005BF21B /* DetailCatalogueItemViewController.swift */ = {isa = PBXFileReference; lastKnownFileType = sourcecode.swift; path = DetailCatalogueItemViewController.swift; sourceTree = "<group>"; };
		E1074C082A942D96005BF21B /* DetailCatalogueUIComposer.swift */ = {isa = PBXFileReference; lastKnownFileType = sourcecode.swift; path = DetailCatalogueUIComposer.swift; sourceTree = "<group>"; };
		E1074C0A2A943134005BF21B /* DetailCatalogueItemViewModel.swift */ = {isa = PBXFileReference; lastKnownFileType = sourcecode.swift; path = DetailCatalogueItemViewModel.swift; sourceTree = "<group>"; };
		E1074C0C2A9435A7005BF21B /* DetailCatalogueResourceViewAdapter.swift */ = {isa = PBXFileReference; lastKnownFileType = sourcecode.swift; path = DetailCatalogueResourceViewAdapter.swift; sourceTree = "<group>"; };
		E1074C0E2A943640005BF21B /* DetailCatalogueImageViewAdapter.swift */ = {isa = PBXFileReference; lastKnownFileType = sourcecode.swift; path = DetailCatalogueImageViewAdapter.swift; sourceTree = "<group>"; };
		E1074C172A94B4AE005BF21B /* OrderCatalogueItem.swift */ = {isa = PBXFileReference; lastKnownFileType = sourcecode.swift; path = OrderCatalogueItem.swift; sourceTree = "<group>"; };
		E1074C1A2A94B548005BF21B /* OrderCatalogueItemsMapper.swift */ = {isa = PBXFileReference; lastKnownFileType = sourcecode.swift; path = OrderCatalogueItemsMapper.swift; sourceTree = "<group>"; };
		E1074C1D2A94B670005BF21B /* StoreSaver.swift */ = {isa = PBXFileReference; lastKnownFileType = sourcecode.swift; path = StoreSaver.swift; sourceTree = "<group>"; };
		E1074C222A94BFC1005BF21B /* DetailCatalogueItemPresenter.swift */ = {isa = PBXFileReference; lastKnownFileType = sourcecode.swift; path = DetailCatalogueItemPresenter.swift; sourceTree = "<group>"; };
		E1074C262A94C9A9005BF21B /* OrderCatalogueItemsMapperTests.swift */ = {isa = PBXFileReference; lastKnownFileType = sourcecode.swift; path = OrderCatalogueItemsMapperTests.swift; sourceTree = "<group>"; };
		E1074C282A94D08F005BF21B /* StoreOrderCatalogueSaver.swift */ = {isa = PBXFileReference; lastKnownFileType = sourcecode.swift; path = StoreOrderCatalogueSaver.swift; sourceTree = "<group>"; };
		E1074C2A2A94D22E005BF21B /* StoredOrderCatalogueItem.swift */ = {isa = PBXFileReference; lastKnownFileType = sourcecode.swift; path = StoredOrderCatalogueItem.swift; sourceTree = "<group>"; };
		E1074C2C2A94D35E005BF21B /* SaveOrderCatalogueIntoStoreTests.swift */ = {isa = PBXFileReference; lastKnownFileType = sourcecode.swift; path = SaveOrderCatalogueIntoStoreTests.swift; sourceTree = "<group>"; };
		E1074C2F2A94D8CC005BF21B /* XCTestCase+MemoryLeakTracking.swift */ = {isa = PBXFileReference; lastKnownFileType = sourcecode.swift; path = "XCTestCase+MemoryLeakTracking.swift"; sourceTree = "<group>"; };
		E1074C352A94E7E6005BF21B /* CartCatalogueItemCell.swift */ = {isa = PBXFileReference; lastKnownFileType = sourcecode.swift; path = CartCatalogueItemCell.swift; sourceTree = "<group>"; };
		E1074C3B2A94EC22005BF21B /* UITableView+DequeueCell.swift */ = {isa = PBXFileReference; lastKnownFileType = sourcecode.swift; path = "UITableView+DequeueCell.swift"; sourceTree = "<group>"; };
		E1074C3D2A94EC61005BF21B /* UIView+Shimmering.swift */ = {isa = PBXFileReference; lastKnownFileType = sourcecode.swift; path = "UIView+Shimmering.swift"; sourceTree = "<group>"; };
		E1074C3F2A94EC7C005BF21B /* UIImageView+ImageAnimated.swift */ = {isa = PBXFileReference; lastKnownFileType = sourcecode.swift; path = "UIImageView+ImageAnimated.swift"; sourceTree = "<group>"; };
		E1074C452A94EF20005BF21B /* CartCatalogueItemCellController.swift */ = {isa = PBXFileReference; lastKnownFileType = sourcecode.swift; path = CartCatalogueItemCellController.swift; sourceTree = "<group>"; };
		E1074C492A94F04F005BF21B /* CartCatalogueItemViewModel.swift */ = {isa = PBXFileReference; lastKnownFileType = sourcecode.swift; path = CartCatalogueItemViewModel.swift; sourceTree = "<group>"; };
		E1074C4D2A94F109005BF21B /* CartCatalogueItem.swift */ = {isa = PBXFileReference; lastKnownFileType = sourcecode.swift; path = CartCatalogueItem.swift; sourceTree = "<group>"; };
		E1074C502A94F1AE005BF21B /* CartUIComposer.swift */ = {isa = PBXFileReference; lastKnownFileType = sourcecode.swift; path = CartUIComposer.swift; sourceTree = "<group>"; };
		E1074C522A94F3F2005BF21B /* CartCatalogueItemPresenter.swift */ = {isa = PBXFileReference; lastKnownFileType = sourcecode.swift; path = CartCatalogueItemPresenter.swift; sourceTree = "<group>"; };
		E1074C542A94F421005BF21B /* CartResourceViewAdapter.swift */ = {isa = PBXFileReference; lastKnownFileType = sourcecode.swift; path = CartResourceViewAdapter.swift; sourceTree = "<group>"; };
		E1074C592A94F788005BF21B /* CartCatalogueFlow.swift */ = {isa = PBXFileReference; lastKnownFileType = sourcecode.swift; path = CartCatalogueFlow.swift; sourceTree = "<group>"; };
		E1074C5B2A94FEBF005BF21B /* SharedFirestoreClient.swift */ = {isa = PBXFileReference; lastKnownFileType = sourcecode.swift; path = SharedFirestoreClient.swift; sourceTree = "<group>"; };
		E1074C612A95479D005BF21B /* MainTabBarViewController.swift */ = {isa = PBXFileReference; lastKnownFileType = sourcecode.swift; path = MainTabBarViewController.swift; sourceTree = "<group>"; };
		E1074C632A954AF7005BF21B /* MainTabBarViewModel.swift */ = {isa = PBXFileReference; lastKnownFileType = sourcecode.swift; path = MainTabBarViewModel.swift; sourceTree = "<group>"; };
		E137FD872A9261EE0018D48B /* AuthenticationFlow.swift */ = {isa = PBXFileReference; lastKnownFileType = sourcecode.swift; path = AuthenticationFlow.swift; sourceTree = "<group>"; };
		E1595A112A8FF75F00B3DA3F /* LoginViewController.swift */ = {isa = PBXFileReference; lastKnownFileType = sourcecode.swift; path = LoginViewController.swift; sourceTree = "<group>"; };
		E1595A152A8FF96300B3DA3F /* LoginSnapshotTests.swift */ = {isa = PBXFileReference; lastKnownFileType = sourcecode.swift; path = LoginSnapshotTests.swift; sourceTree = "<group>"; };
		E1595A182A8FF9DA00B3DA3F /* XCTestCase+Snapshot.swift */ = {isa = PBXFileReference; lastKnownFileType = sourcecode.swift; path = "XCTestCase+Snapshot.swift"; sourceTree = "<group>"; };
		E1595A1A2A8FFA4500B3DA3F /* UIViewController+Snapshot.swift */ = {isa = PBXFileReference; lastKnownFileType = sourcecode.swift; path = "UIViewController+Snapshot.swift"; sourceTree = "<group>"; };
		E1595A1D2A8FFD7C00B3DA3F /* LOGIN_INITIAL_SETUP_light.png */ = {isa = PBXFileReference; lastKnownFileType = image.png; path = LOGIN_INITIAL_SETUP_light.png; sourceTree = "<group>"; };
		E168040E2A8F7E080051B8E5 /* StoredUserAccountUseCaseTests.swift */ = {isa = PBXFileReference; lastKnownFileType = sourcecode.swift; path = StoredUserAccountUseCaseTests.swift; sourceTree = "<group>"; };
		E16804122A8F8CE70051B8E5 /* RegistrationUserAccount.swift */ = {isa = PBXFileReference; lastKnownFileType = sourcecode.swift; path = RegistrationUserAccount.swift; sourceTree = "<group>"; };
		E16804152A8F8D340051B8E5 /* RegistrationUserAccountStore.swift */ = {isa = PBXFileReference; lastKnownFileType = sourcecode.swift; path = RegistrationUserAccountStore.swift; sourceTree = "<group>"; };
		E16804172A8F8D510051B8E5 /* StoredRegistrationUserAccount.swift */ = {isa = PBXFileReference; lastKnownFileType = sourcecode.swift; path = StoredRegistrationUserAccount.swift; sourceTree = "<group>"; };
		E16804192A8F8DD80051B8E5 /* RegistrationUserAccountService.swift */ = {isa = PBXFileReference; lastKnownFileType = sourcecode.swift; path = RegistrationUserAccountService.swift; sourceTree = "<group>"; };
		E168041E2A8FA47A0051B8E5 /* Login.storyboard */ = {isa = PBXFileReference; lastKnownFileType = file.storyboard; path = Login.storyboard; sourceTree = "<group>"; };
		E1891EAA2A935E9E001F18FF /* ListViewController.swift */ = {isa = PBXFileReference; lastKnownFileType = sourcecode.swift; path = ListViewController.swift; sourceTree = "<group>"; };
		E1891EAC2A936164001F18FF /* CellController.swift */ = {isa = PBXFileReference; lastKnownFileType = sourcecode.swift; path = CellController.swift; sourceTree = "<group>"; };
		E1891EAE2A93628A001F18FF /* CatalogueItemCell.swift */ = {isa = PBXFileReference; lastKnownFileType = sourcecode.swift; path = CatalogueItemCell.swift; sourceTree = "<group>"; };
		E1891EB12A936490001F18FF /* CatalogueItemCellController.swift */ = {isa = PBXFileReference; lastKnownFileType = sourcecode.swift; path = CatalogueItemCellController.swift; sourceTree = "<group>"; };
		E1891EB42A93668E001F18FF /* LoadResourcePresenter.swift */ = {isa = PBXFileReference; lastKnownFileType = sourcecode.swift; path = LoadResourcePresenter.swift; sourceTree = "<group>"; };
		E1891EB62A93673C001F18FF /* ResourceLoadingView.swift */ = {isa = PBXFileReference; lastKnownFileType = sourcecode.swift; path = ResourceLoadingView.swift; sourceTree = "<group>"; };
		E1891EB82A93674D001F18FF /* ResourceLoadingViewModel.swift */ = {isa = PBXFileReference; lastKnownFileType = sourcecode.swift; path = ResourceLoadingViewModel.swift; sourceTree = "<group>"; };
		E1891EBA2A93675B001F18FF /* ResourceErrorView.swift */ = {isa = PBXFileReference; lastKnownFileType = sourcecode.swift; path = ResourceErrorView.swift; sourceTree = "<group>"; };
		E1891EBC2A936767001F18FF /* ResourceErrorViewModel.swift */ = {isa = PBXFileReference; lastKnownFileType = sourcecode.swift; path = ResourceErrorViewModel.swift; sourceTree = "<group>"; };
		E1891EBF2A9367F4001F18FF /* CatalogueUIComposer.swift */ = {isa = PBXFileReference; lastKnownFileType = sourcecode.swift; path = CatalogueUIComposer.swift; sourceTree = "<group>"; };
		E1891EC12A936B10001F18FF /* LoadResourcePresentationAdapter.swift */ = {isa = PBXFileReference; lastKnownFileType = sourcecode.swift; path = LoadResourcePresentationAdapter.swift; sourceTree = "<group>"; };
		E1891EC32A936B22001F18FF /* CatalogueViewAdapter.swift */ = {isa = PBXFileReference; lastKnownFileType = sourcecode.swift; path = CatalogueViewAdapter.swift; sourceTree = "<group>"; };
		E1891EC62A936D52001F18FF /* MotorcycleCatalogueItemPresenter.swift */ = {isa = PBXFileReference; lastKnownFileType = sourcecode.swift; path = MotorcycleCatalogueItemPresenter.swift; sourceTree = "<group>"; };
		E1891EC82A936D8D001F18FF /* CatalogueItemViewModel.swift */ = {isa = PBXFileReference; lastKnownFileType = sourcecode.swift; path = CatalogueItemViewModel.swift; sourceTree = "<group>"; };
		E1891ECA2A936FFD001F18FF /* CataloguePresenter.swift */ = {isa = PBXFileReference; lastKnownFileType = sourcecode.swift; path = CataloguePresenter.swift; sourceTree = "<group>"; };
		E1891ECC2A9370DA001F18FF /* MotorcycleCatalogueFlow.swift */ = {isa = PBXFileReference; lastKnownFileType = sourcecode.swift; path = MotorcycleCatalogueFlow.swift; sourceTree = "<group>"; };
		E1891ECF2A93728B001F18FF /* HTTPClient.swift */ = {isa = PBXFileReference; lastKnownFileType = sourcecode.swift; path = HTTPClient.swift; sourceTree = "<group>"; };
		E1891ED22A937364001F18FF /* URLSessionHTTPClient.swift */ = {isa = PBXFileReference; lastKnownFileType = sourcecode.swift; path = URLSessionHTTPClient.swift; sourceTree = "<group>"; };
		E1891ED52A9374F7001F18FF /* GalleryImageDataMapper.swift */ = {isa = PBXFileReference; lastKnownFileType = sourcecode.swift; path = GalleryImageDataMapper.swift; sourceTree = "<group>"; };
		E1891EDC2A938553001F18FF /* ProfileUserAccount.swift */ = {isa = PBXFileReference; lastKnownFileType = sourcecode.swift; path = ProfileUserAccount.swift; sourceTree = "<group>"; };
		E1891EE12A9386C3001F18FF /* ProfileUserAccountMapper.swift */ = {isa = PBXFileReference; lastKnownFileType = sourcecode.swift; path = ProfileUserAccountMapper.swift; sourceTree = "<group>"; };
		E1891EE52A93886D001F18FF /* ProfileUserAccountMapperTests.swift */ = {isa = PBXFileReference; lastKnownFileType = sourcecode.swift; path = ProfileUserAccountMapperTests.swift; sourceTree = "<group>"; };
		E1891EE82A938A42001F18FF /* StoreRetriever.swift */ = {isa = PBXFileReference; lastKnownFileType = sourcecode.swift; path = StoreRetriever.swift; sourceTree = "<group>"; };
		E1891EEA2A938AD5001F18FF /* StoreQuery.swift */ = {isa = PBXFileReference; lastKnownFileType = sourcecode.swift; path = StoreQuery.swift; sourceTree = "<group>"; };
		E1891EF22A93AB10001F18FF /* ProfileUIComposer.swift */ = {isa = PBXFileReference; lastKnownFileType = sourcecode.swift; path = ProfileUIComposer.swift; sourceTree = "<group>"; };
		E18D795E2A8E57B5007DEEE1 /* ValidateUserAuthenticationStoreTests.swift */ = {isa = PBXFileReference; lastKnownFileType = sourcecode.swift; path = ValidateUserAuthenticationStoreTests.swift; sourceTree = "<group>"; };
		E18D79622A8EA541007DEEE1 /* AuthenticationUserStore.swift */ = {isa = PBXFileReference; lastKnownFileType = sourcecode.swift; path = AuthenticationUserStore.swift; sourceTree = "<group>"; };
		E18D79652A8EA5B2007DEEE1 /* UserAccount.swift */ = {isa = PBXFileReference; lastKnownFileType = sourcecode.swift; path = UserAccount.swift; sourceTree = "<group>"; };
		E18D79692A8EAC4E007DEEE1 /* AuthenticationUserBody.swift */ = {isa = PBXFileReference; lastKnownFileType = sourcecode.swift; path = AuthenticationUserBody.swift; sourceTree = "<group>"; };
		E18D796B2A8EAD4F007DEEE1 /* StoredUserAccount.swift */ = {isa = PBXFileReference; lastKnownFileType = sourcecode.swift; path = StoredUserAccount.swift; sourceTree = "<group>"; };
		E18D796D2A8EAD60007DEEE1 /* AuthenticationValidationService.swift */ = {isa = PBXFileReference; lastKnownFileType = sourcecode.swift; path = AuthenticationValidationService.swift; sourceTree = "<group>"; };
		E18F0ACB2A91005A003CEC98 /* LOGIN_LOADING_light.png */ = {isa = PBXFileReference; lastKnownFileType = image.png; path = LOGIN_LOADING_light.png; sourceTree = "<group>"; };
		E18F0ACC2A91005A003CEC98 /* LOGIN_NOT_ALL_FIELDS_FILLED_light.png */ = {isa = PBXFileReference; lastKnownFileType = image.png; path = LOGIN_NOT_ALL_FIELDS_FILLED_light.png; sourceTree = "<group>"; };
		E18F0ACD2A91005A003CEC98 /* LOGIN_FIELDS_FILLED_light.png */ = {isa = PBXFileReference; lastKnownFileType = image.png; path = LOGIN_FIELDS_FILLED_light.png; sourceTree = "<group>"; };
		E18F0AD32A910162003CEC98 /* Registration.storyboard */ = {isa = PBXFileReference; lastKnownFileType = file.storyboard; path = Registration.storyboard; sourceTree = "<group>"; };
		E18F0AD62A910421003CEC98 /* RegistrationViewController.swift */ = {isa = PBXFileReference; lastKnownFileType = sourcecode.swift; path = RegistrationViewController.swift; sourceTree = "<group>"; };
		E18F0AD92A9105BA003CEC98 /* RegistrationSnapshotTests.swift */ = {isa = PBXFileReference; lastKnownFileType = sourcecode.swift; path = RegistrationSnapshotTests.swift; sourceTree = "<group>"; };
		E18F0ADC2A9109DC003CEC98 /* REGISTRATION_LOADING_light.png */ = {isa = PBXFileReference; lastKnownFileType = image.png; path = REGISTRATION_LOADING_light.png; sourceTree = "<group>"; };
		E18F0ADD2A9109DC003CEC98 /* REGISTRATION_INITIAL_SETUP_light.png */ = {isa = PBXFileReference; lastKnownFileType = image.png; path = REGISTRATION_INITIAL_SETUP_light.png; sourceTree = "<group>"; };
		E18F0ADE2A9109DC003CEC98 /* REGISTRATION_FIELDS_FILLED_light.png */ = {isa = PBXFileReference; lastKnownFileType = image.png; path = REGISTRATION_FIELDS_FILLED_light.png; sourceTree = "<group>"; };
		E18F0ADF2A9109DC003CEC98 /* REGISTRATION_NOT_ALL_FIELDS_FILLED_light.png */ = {isa = PBXFileReference; lastKnownFileType = image.png; path = REGISTRATION_NOT_ALL_FIELDS_FILLED_light.png; sourceTree = "<group>"; };
		E18F0AE62A9112F2003CEC98 /* SendResourcePresenter.swift */ = {isa = PBXFileReference; lastKnownFileType = sourcecode.swift; path = SendResourcePresenter.swift; sourceTree = "<group>"; };
		E18F0AE82A913DB1003CEC98 /* SendResourceSucceedView.swift */ = {isa = PBXFileReference; lastKnownFileType = sourcecode.swift; path = SendResourceSucceedView.swift; sourceTree = "<group>"; };
		E18F0AEA2A913DC2003CEC98 /* SendResourceLoadingViewModel.swift */ = {isa = PBXFileReference; lastKnownFileType = sourcecode.swift; path = SendResourceLoadingViewModel.swift; sourceTree = "<group>"; };
		E18F0AEC2A913DD0003CEC98 /* SendResourceLoadingView.swift */ = {isa = PBXFileReference; lastKnownFileType = sourcecode.swift; path = SendResourceLoadingView.swift; sourceTree = "<group>"; };
		E18F0AEE2A913DE7003CEC98 /* SendResourceErrorViewModel.swift */ = {isa = PBXFileReference; lastKnownFileType = sourcecode.swift; path = SendResourceErrorViewModel.swift; sourceTree = "<group>"; };
		E18F0AF02A913E1B003CEC98 /* SendResourceErrorView.swift */ = {isa = PBXFileReference; lastKnownFileType = sourcecode.swift; path = SendResourceErrorView.swift; sourceTree = "<group>"; };
		E18F0AF42A913F0F003CEC98 /* SendResourcePresentationAdapter.swift */ = {isa = PBXFileReference; lastKnownFileType = sourcecode.swift; path = SendResourcePresentationAdapter.swift; sourceTree = "<group>"; };
		E18F0AF82A91418C003CEC98 /* CombineHelpers.swift */ = {isa = PBXFileReference; lastKnownFileType = sourcecode.swift; path = CombineHelpers.swift; sourceTree = "<group>"; };
		E18F0AFB2A9142A1003CEC98 /* LoginUIComposer.swift */ = {isa = PBXFileReference; lastKnownFileType = sourcecode.swift; path = LoginUIComposer.swift; sourceTree = "<group>"; };
		E18F0AFD2A914688003CEC98 /* WeakRefVirtualProxy.swift */ = {isa = PBXFileReference; lastKnownFileType = sourcecode.swift; path = WeakRefVirtualProxy.swift; sourceTree = "<group>"; };
		E18F0AFF2A914AC4003CEC98 /* LoginErrorViewAdapter.swift */ = {isa = PBXFileReference; lastKnownFileType = sourcecode.swift; path = LoginErrorViewAdapter.swift; sourceTree = "<group>"; };
		E18F0B022A914DC6003CEC98 /* RegistrationUIComposer.swift */ = {isa = PBXFileReference; lastKnownFileType = sourcecode.swift; path = RegistrationUIComposer.swift; sourceTree = "<group>"; };
		E18F0B042A914F28003CEC98 /* RegistrationErrorViewAdapter.swift */ = {isa = PBXFileReference; lastKnownFileType = sourcecode.swift; path = RegistrationErrorViewAdapter.swift; sourceTree = "<group>"; };
		E18F0B082A91C0E6003CEC98 /* KeychainAccountCacheStoreTests.swift */ = {isa = PBXFileReference; lastKnownFileType = sourcecode.swift; path = KeychainAccountCacheStoreTests.swift; sourceTree = "<group>"; };
		E18F0B0A2A91D674003CEC98 /* AccountCacheStoreSaver.swift */ = {isa = PBXFileReference; lastKnownFileType = sourcecode.swift; path = AccountCacheStoreSaver.swift; sourceTree = "<group>"; };
		E18F0B0C2A91D6C2003CEC98 /* AccountCacheStoreRetriever.swift */ = {isa = PBXFileReference; lastKnownFileType = sourcecode.swift; path = AccountCacheStoreRetriever.swift; sourceTree = "<group>"; };
		E18F0B0F2A91D6E6003CEC98 /* KeychainAccountCacheStore.swift */ = {isa = PBXFileReference; lastKnownFileType = sourcecode.swift; path = KeychainAccountCacheStore.swift; sourceTree = "<group>"; };
		E18F0B112A91D745003CEC98 /* AccountCacheStoreRemover.swift */ = {isa = PBXFileReference; lastKnownFileType = sourcecode.swift; path = AccountCacheStoreRemover.swift; sourceTree = "<group>"; };
		E18F0B152A91D967003CEC98 /* MotorcycleCatalogueItem.swift */ = {isa = PBXFileReference; lastKnownFileType = sourcecode.swift; path = MotorcycleCatalogueItem.swift; sourceTree = "<group>"; };
		E18F0B1B2A91DC19003CEC98 /* MotorycleCatalogueStore.swift */ = {isa = PBXFileReference; lastKnownFileType = sourcecode.swift; path = MotorycleCatalogueStore.swift; sourceTree = "<group>"; };
		E18F0B212A91DE16003CEC98 /* MotorycleCatalogueItemsMapperTests.swift */ = {isa = PBXFileReference; lastKnownFileType = sourcecode.swift; path = MotorycleCatalogueItemsMapperTests.swift; sourceTree = "<group>"; };
		E18F0B232A91E4B9003CEC98 /* MotorycleCatalogueItemsMapper.swift */ = {isa = PBXFileReference; lastKnownFileType = sourcecode.swift; path = MotorycleCatalogueItemsMapper.swift; sourceTree = "<group>"; };
		E18F0B2F2A92126C003CEC98 /* Catalogue.storyboard */ = {isa = PBXFileReference; lastKnownFileType = file.storyboard; path = Catalogue.storyboard; sourceTree = "<group>"; };
		E18F0B332A92189C003CEC98 /* Cart.storyboard */ = {isa = PBXFileReference; lastKnownFileType = file.storyboard; path = Cart.storyboard; sourceTree = "<group>"; };
		E18F0B362A922E1C003CEC98 /* Profile.storyboard */ = {isa = PBXFileReference; lastKnownFileType = file.storyboard; path = Profile.storyboard; sourceTree = "<group>"; };
		E18F0B3A2A92328B003CEC98 /* ProfileViewController.swift */ = {isa = PBXFileReference; lastKnownFileType = sourcecode.swift; path = ProfileViewController.swift; sourceTree = "<group>"; };
		E18F0B4C2A925E39003CEC98 /* FirestoreAuthenticationUserStore.swift */ = {isa = PBXFileReference; lastKnownFileType = sourcecode.swift; path = FirestoreAuthenticationUserStore.swift; sourceTree = "<group>"; };
		E1A6D7B12A8C8F1F0094F71C /* NawatechGallery.app */ = {isa = PBXFileReference; explicitFileType = wrapper.application; includeInIndex = 0; path = NawatechGallery.app; sourceTree = BUILT_PRODUCTS_DIR; };
		E1A6D7B42A8C8F1F0094F71C /* AppDelegate.swift */ = {isa = PBXFileReference; lastKnownFileType = sourcecode.swift; path = AppDelegate.swift; sourceTree = "<group>"; };
		E1A6D7B62A8C8F1F0094F71C /* SceneDelegate.swift */ = {isa = PBXFileReference; lastKnownFileType = sourcecode.swift; path = SceneDelegate.swift; sourceTree = "<group>"; };
		E1A6D7BD2A8C8F200094F71C /* Assets.xcassets */ = {isa = PBXFileReference; lastKnownFileType = folder.assetcatalog; path = Assets.xcassets; sourceTree = "<group>"; };
		E1A6D7C02A8C8F200094F71C /* Base */ = {isa = PBXFileReference; lastKnownFileType = file.storyboard; name = Base; path = Base.lproj/LaunchScreen.storyboard; sourceTree = "<group>"; };
		E1A6D7C22A8C8F200094F71C /* Info.plist */ = {isa = PBXFileReference; lastKnownFileType = text.plist.xml; path = Info.plist; sourceTree = "<group>"; };
		E1A6D7C72A8C8F200094F71C /* NawatechGalleryTests.xctest */ = {isa = PBXFileReference; explicitFileType = wrapper.cfbundle; includeInIndex = 0; path = NawatechGalleryTests.xctest; sourceTree = BUILT_PRODUCTS_DIR; };
		E1A6D7E42A8C8F6E0094F71C /* GoogleService-Info.plist */ = {isa = PBXFileReference; fileEncoding = 4; lastKnownFileType = text.plist.xml; path = "GoogleService-Info.plist"; sourceTree = "<group>"; };
		E1A7675D2A9356860082DB5A /* FirestoreMotorycleCatalogueStore.swift */ = {isa = PBXFileReference; lastKnownFileType = sourcecode.swift; path = FirestoreMotorycleCatalogueStore.swift; sourceTree = "<group>"; };
/* End PBXFileReference section */

/* Begin PBXFrameworksBuildPhase section */
		E1A6D7AE2A8C8F1F0094F71C /* Frameworks */ = {
			isa = PBXFrameworksBuildPhase;
			buildActionMask = 2147483647;
			files = (
				E1A6D7E82A8C90780094F71C /* FirebaseFirestore in Frameworks */,
				E1074BFC2A93F15A005BF21B /* FirebaseStorage in Frameworks */,
			);
			runOnlyForDeploymentPostprocessing = 0;
		};
		E1A6D7C42A8C8F200094F71C /* Frameworks */ = {
			isa = PBXFrameworksBuildPhase;
			buildActionMask = 2147483647;
			files = (
				E1A6D7EB2A8C94C20094F71C /* FirebaseFirestore in Frameworks */,
				E1074C022A941E15005BF21B /* FirebaseStorage in Frameworks */,
			);
			runOnlyForDeploymentPostprocessing = 0;
		};
/* End PBXFrameworksBuildPhase section */

/* Begin PBXGroup section */
		E1074BF32A93B023005BF21B /* Helpers */ = {
			isa = PBXGroup;
			children = (
				E1074BF42A93B03D005BF21B /* SharedKeys.swift */,
			);
			path = Helpers;
			sourceTree = "<group>";
		};
		E1074BF82A93F0CB005BF21B /* Profile */ = {
			isa = PBXGroup;
			children = (
				E1074BF92A93F130005BF21B /* FirebaseStorageProfileImageStore.swift */,
			);
			path = Profile;
			sourceTree = "<group>";
		};
		E1074C102A94371A005BF21B /* Detail */ = {
			isa = PBXGroup;
			children = (
				E1074C082A942D96005BF21B /* DetailCatalogueUIComposer.swift */,
				E1074C0C2A9435A7005BF21B /* DetailCatalogueResourceViewAdapter.swift */,
				E1074C0E2A943640005BF21B /* DetailCatalogueImageViewAdapter.swift */,
			);
			path = Detail;
			sourceTree = "<group>";
		};
		E1074C152A94B45D005BF21B /* Order */ = {
			isa = PBXGroup;
			children = (
				E1074C192A94B4EA005BF21B /* Store */,
				E1074C162A94B469005BF21B /* Feature */,
			);
			path = Order;
			sourceTree = "<group>";
		};
		E1074C162A94B469005BF21B /* Feature */ = {
			isa = PBXGroup;
			children = (
				E1074C172A94B4AE005BF21B /* OrderCatalogueItem.swift */,
			);
			name = Feature;
			sourceTree = "<group>";
		};
		E1074C192A94B4EA005BF21B /* Store */ = {
			isa = PBXGroup;
			children = (
				E1074C1A2A94B548005BF21B /* OrderCatalogueItemsMapper.swift */,
				E1074C282A94D08F005BF21B /* StoreOrderCatalogueSaver.swift */,
				E1074C2A2A94D22E005BF21B /* StoredOrderCatalogueItem.swift */,
			);
			name = Store;
			sourceTree = "<group>";
		};
		E1074C242A94C991005BF21B /* Order */ = {
			isa = PBXGroup;
			children = (
				E1074C252A94C99C005BF21B /* Store */,
			);
			path = Order;
			sourceTree = "<group>";
		};
		E1074C252A94C99C005BF21B /* Store */ = {
			isa = PBXGroup;
			children = (
				E1074C262A94C9A9005BF21B /* OrderCatalogueItemsMapperTests.swift */,
				E1074C2C2A94D35E005BF21B /* SaveOrderCatalogueIntoStoreTests.swift */,
			);
			path = Store;
			sourceTree = "<group>";
		};
		E1074C2E2A94D8A7005BF21B /* Helpers */ = {
			isa = PBXGroup;
			children = (
				E1074C2F2A94D8CC005BF21B /* XCTestCase+MemoryLeakTracking.swift */,
			);
			path = Helpers;
			sourceTree = "<group>";
		};
		E1074C3A2A94EC08005BF21B /* Helpers */ = {
			isa = PBXGroup;
			children = (
				E1074C3B2A94EC22005BF21B /* UITableView+DequeueCell.swift */,
				E1074C3D2A94EC61005BF21B /* UIView+Shimmering.swift */,
				E1074C3F2A94EC7C005BF21B /* UIImageView+ImageAnimated.swift */,
			);
			path = Helpers;
			sourceTree = "<group>";
		};
		E1074C442A94EF07005BF21B /* Controllers */ = {
			isa = PBXGroup;
			children = (
				E1074C452A94EF20005BF21B /* CartCatalogueItemCellController.swift */,
			);
			path = Controllers;
			sourceTree = "<group>";
		};
		E1074C472A94F035005BF21B /* Cart */ = {
			isa = PBXGroup;
			children = (
				E1074C562A94F742005BF21B /* Store */,
				E1074C4C2A94F0E7005BF21B /* Feature */,
				E1074C482A94F045005BF21B /* Presentation */,
			);
			path = Cart;
			sourceTree = "<group>";
		};
		E1074C482A94F045005BF21B /* Presentation */ = {
			isa = PBXGroup;
			children = (
				E1074C492A94F04F005BF21B /* CartCatalogueItemViewModel.swift */,
				E1074C522A94F3F2005BF21B /* CartCatalogueItemPresenter.swift */,
			);
			path = Presentation;
			sourceTree = "<group>";
		};
		E1074C4C2A94F0E7005BF21B /* Feature */ = {
			isa = PBXGroup;
			children = (
				E1074C4D2A94F109005BF21B /* CartCatalogueItem.swift */,
			);
			path = Feature;
			sourceTree = "<group>";
		};
		E1074C4F2A94F1A4005BF21B /* Cart */ = {
			isa = PBXGroup;
			children = (
				E1074C502A94F1AE005BF21B /* CartUIComposer.swift */,
				E1074C542A94F421005BF21B /* CartResourceViewAdapter.swift */,
			);
			path = Cart;
			sourceTree = "<group>";
		};
		E1074C562A94F742005BF21B /* Store */ = {
			isa = PBXGroup;
			children = (
			);
			path = Store;
			sourceTree = "<group>";
		};
		E1074C602A954757005BF21B /* Tab Bar UI */ = {
			isa = PBXGroup;
			children = (
				E1074C612A95479D005BF21B /* MainTabBarViewController.swift */,
				E1074C632A954AF7005BF21B /* MainTabBarViewModel.swift */,
			);
			path = "Tab Bar UI";
			sourceTree = "<group>";
		};
		E137FD862A9261D40018D48B /* Flows */ = {
			isa = PBXGroup;
			children = (
				E1074BF32A93B023005BF21B /* Helpers */,
				E137FD872A9261EE0018D48B /* AuthenticationFlow.swift */,
				E1891ECC2A9370DA001F18FF /* MotorcycleCatalogueFlow.swift */,
				E1074BF12A93AF7E005BF21B /* ProfileFlow.swift */,
				E1074C592A94F788005BF21B /* CartCatalogueFlow.swift */,
			);
			path = Flows;
			sourceTree = "<group>";
		};
		E1595A102A8FF74F00B3DA3F /* Controller */ = {
			isa = PBXGroup;
			children = (
				E1595A112A8FF75F00B3DA3F /* LoginViewController.swift */,
			);
			path = Controller;
			sourceTree = "<group>";
		};
		E1595A132A8FF93200B3DA3F /* NawatechGalleryiOS */ = {
			isa = PBXGroup;
			children = (
				E1595A172A8FF9C800B3DA3F /* Helpers */,
				E1595A142A8FF94F00B3DA3F /* Login UI */,
				E18F0AD82A9105A5003CEC98 /* Registration UI */,
			);
			path = NawatechGalleryiOS;
			sourceTree = "<group>";
		};
		E1595A142A8FF94F00B3DA3F /* Login UI */ = {
			isa = PBXGroup;
			children = (
				E1595A1C2A8FFD7C00B3DA3F /* snapshots */,
				E1595A152A8FF96300B3DA3F /* LoginSnapshotTests.swift */,
			);
			path = "Login UI";
			sourceTree = "<group>";
		};
		E1595A172A8FF9C800B3DA3F /* Helpers */ = {
			isa = PBXGroup;
			children = (
				E1595A182A8FF9DA00B3DA3F /* XCTestCase+Snapshot.swift */,
				E1595A1A2A8FFA4500B3DA3F /* UIViewController+Snapshot.swift */,
			);
			path = Helpers;
			sourceTree = "<group>";
		};
		E1595A1C2A8FFD7C00B3DA3F /* snapshots */ = {
			isa = PBXGroup;
			children = (
				E18F0ACD2A91005A003CEC98 /* LOGIN_FIELDS_FILLED_light.png */,
				E18F0ACB2A91005A003CEC98 /* LOGIN_LOADING_light.png */,
				E18F0ACC2A91005A003CEC98 /* LOGIN_NOT_ALL_FIELDS_FILLED_light.png */,
				E1595A1D2A8FFD7C00B3DA3F /* LOGIN_INITIAL_SETUP_light.png */,
			);
			path = snapshots;
			sourceTree = "<group>";
		};
		E168040D2A8F7DC80051B8E5 /* Registration */ = {
			isa = PBXGroup;
			children = (
				E168040E2A8F7E080051B8E5 /* StoredUserAccountUseCaseTests.swift */,
			);
			path = Registration;
			sourceTree = "<group>";
		};
		E16804102A8F8CBA0051B8E5 /* Registration */ = {
			isa = PBXGroup;
			children = (
				E16804142A8F8D2B0051B8E5 /* Store */,
				E16804112A8F8CD80051B8E5 /* Feature */,
			);
			path = Registration;
			sourceTree = "<group>";
		};
		E16804112A8F8CD80051B8E5 /* Feature */ = {
			isa = PBXGroup;
			children = (
				E16804122A8F8CE70051B8E5 /* RegistrationUserAccount.swift */,
			);
			path = Feature;
			sourceTree = "<group>";
		};
		E16804142A8F8D2B0051B8E5 /* Store */ = {
			isa = PBXGroup;
			children = (
				E16804152A8F8D340051B8E5 /* RegistrationUserAccountStore.swift */,
				E16804172A8F8D510051B8E5 /* StoredRegistrationUserAccount.swift */,
				E16804192A8F8DD80051B8E5 /* RegistrationUserAccountService.swift */,
			);
			path = Store;
			sourceTree = "<group>";
		};
		E168041B2A8F96300051B8E5 /* NawatechGalleryiOS */ = {
			isa = PBXGroup;
			children = (
				E1074C3A2A94EC08005BF21B /* Helpers */,
				E1891EA82A935E82001F18FF /* Shared UI */,
				E18F0AD12A91014C003CEC98 /* Registration UI */,
				E168041C2A8F963D0051B8E5 /* Login UI */,
				E18F0B2D2A9211E3003CEC98 /* Catalogue UI */,
				E18F0B312A921866003CEC98 /* Cart UI */,
				E18F0B352A922E0D003CEC98 /* Profile UI */,
				E1074C602A954757005BF21B /* Tab Bar UI */,
			);
			path = NawatechGalleryiOS;
			sourceTree = "<group>";
		};
		E168041C2A8F963D0051B8E5 /* Login UI */ = {
			isa = PBXGroup;
			children = (
				E1595A102A8FF74F00B3DA3F /* Controller */,
				E168041D2A8FA46F0051B8E5 /* Views */,
			);
			path = "Login UI";
			sourceTree = "<group>";
		};
		E168041D2A8FA46F0051B8E5 /* Views */ = {
			isa = PBXGroup;
			children = (
				E168041E2A8FA47A0051B8E5 /* Login.storyboard */,
			);
			path = Views;
			sourceTree = "<group>";
		};
		E1891EA82A935E82001F18FF /* Shared UI */ = {
			isa = PBXGroup;
			children = (
				E1891EA92A935E87001F18FF /* Controllers */,
			);
			path = "Shared UI";
			sourceTree = "<group>";
		};
		E1891EA92A935E87001F18FF /* Controllers */ = {
			isa = PBXGroup;
			children = (
				E1891EAA2A935E9E001F18FF /* ListViewController.swift */,
				E1891EAC2A936164001F18FF /* CellController.swift */,
			);
			path = Controllers;
			sourceTree = "<group>";
		};
		E1891EB02A936478001F18FF /* Controllers */ = {
			isa = PBXGroup;
			children = (
				E1891EB12A936490001F18FF /* CatalogueItemCellController.swift */,
				E1074C062A942B97005BF21B /* DetailCatalogueItemViewController.swift */,
			);
			path = Controllers;
			sourceTree = "<group>";
		};
		E1891EB32A93667E001F18FF /* Load Resource */ = {
			isa = PBXGroup;
			children = (
				E1891EB42A93668E001F18FF /* LoadResourcePresenter.swift */,
				E1891EB62A93673C001F18FF /* ResourceLoadingView.swift */,
				E1891EB82A93674D001F18FF /* ResourceLoadingViewModel.swift */,
				E1891EBA2A93675B001F18FF /* ResourceErrorView.swift */,
				E1891EBC2A936767001F18FF /* ResourceErrorViewModel.swift */,
			);
			path = "Load Resource";
			sourceTree = "<group>";
		};
		E1891EBE2A9367E0001F18FF /* Catalogue */ = {
			isa = PBXGroup;
			children = (
				E1074C102A94371A005BF21B /* Detail */,
				E1891EBF2A9367F4001F18FF /* CatalogueUIComposer.swift */,
				E1891EC32A936B22001F18FF /* CatalogueViewAdapter.swift */,
			);
			path = Catalogue;
			sourceTree = "<group>";
		};
		E1891EC52A936D30001F18FF /* Presentation */ = {
			isa = PBXGroup;
			children = (
				E1891EC62A936D52001F18FF /* MotorcycleCatalogueItemPresenter.swift */,
				E1891EC82A936D8D001F18FF /* CatalogueItemViewModel.swift */,
				E1891ECA2A936FFD001F18FF /* CataloguePresenter.swift */,
				E1074C0A2A943134005BF21B /* DetailCatalogueItemViewModel.swift */,
				E1074C222A94BFC1005BF21B /* DetailCatalogueItemPresenter.swift */,
			);
			path = Presentation;
			sourceTree = "<group>";
		};
		E1891ECE2A937280001F18FF /* Shared API */ = {
			isa = PBXGroup;
			children = (
				E1891ED52A9374F7001F18FF /* GalleryImageDataMapper.swift */,
				E1891ECF2A93728B001F18FF /* HTTPClient.swift */,
			);
			path = "Shared API";
			sourceTree = "<group>";
		};
		E1891ED12A93734C001F18FF /* Shared API Infra */ = {
			isa = PBXGroup;
			children = (
				E1891ED22A937364001F18FF /* URLSessionHTTPClient.swift */,
			);
			path = "Shared API Infra";
			sourceTree = "<group>";
		};
		E1891ED92A93852E001F18FF /* Profile */ = {
			isa = PBXGroup;
			children = (
				E1891EDE2A9385E7001F18FF /* Store */,
				E1891EDB2A938541001F18FF /* Feature */,
			);
			path = Profile;
			sourceTree = "<group>";
		};
		E1891EDB2A938541001F18FF /* Feature */ = {
			isa = PBXGroup;
			children = (
				E1891EDC2A938553001F18FF /* ProfileUserAccount.swift */,
			);
			path = Feature;
			sourceTree = "<group>";
		};
		E1891EDE2A9385E7001F18FF /* Store */ = {
			isa = PBXGroup;
			children = (
				E1074BF62A93F019005BF21B /* ProfileImageStore.swift */,
				E1891EE12A9386C3001F18FF /* ProfileUserAccountMapper.swift */,
			);
			path = Store;
			sourceTree = "<group>";
		};
		E1891EE32A938853001F18FF /* Profile */ = {
			isa = PBXGroup;
			children = (
				E1891EE42A93885D001F18FF /* Store */,
			);
			path = Profile;
			sourceTree = "<group>";
		};
		E1891EE42A93885D001F18FF /* Store */ = {
			isa = PBXGroup;
			children = (
				E1891EE52A93886D001F18FF /* ProfileUserAccountMapperTests.swift */,
			);
			path = Store;
			sourceTree = "<group>";
		};
		E1891EE72A938A24001F18FF /* Shared Store */ = {
			isa = PBXGroup;
			children = (
				E1891EE82A938A42001F18FF /* StoreRetriever.swift */,
				E1891EEA2A938AD5001F18FF /* StoreQuery.swift */,
				E1074BFF2A940466005BF21B /* StoreModifier.swift */,
				E1074C1D2A94B670005BF21B /* StoreSaver.swift */,
			);
			path = "Shared Store";
			sourceTree = "<group>";
		};
		E1891EEC2A938AE9001F18FF /* Shared Store Infra */ = {
			isa = PBXGroup;
			children = (
				E1074C5B2A94FEBF005BF21B /* SharedFirestoreClient.swift */,
			);
			path = "Shared Store Infra";
			sourceTree = "<group>";
		};
		E1891EF12A93AAF1001F18FF /* Profile */ = {
			isa = PBXGroup;
			children = (
				E1891EF22A93AB10001F18FF /* ProfileUIComposer.swift */,
				E1074BEF2A93AF19005BF21B /* ProfileViewAdapter.swift */,
				E1074BFD2A9400AE005BF21B /* UploadImageProfileAdapter.swift */,
			);
			path = Profile;
			sourceTree = "<group>";
		};
		E18D795D2A8E56F5007DEEE1 /* Authentication */ = {
			isa = PBXGroup;
			children = (
				E18D796F2A8EADC4007DEEE1 /* Store */,
			);
			path = Authentication;
			sourceTree = "<group>";
		};
		E18D79602A8EA51C007DEEE1 /* Authentication */ = {
			isa = PBXGroup;
			children = (
				E18D79612A8EA52B007DEEE1 /* Store */,
				E18D79642A8EA5A2007DEEE1 /* Feature */,
			);
			path = Authentication;
			sourceTree = "<group>";
		};
		E18D79612A8EA52B007DEEE1 /* Store */ = {
			isa = PBXGroup;
			children = (
				E18F0B0E2A91D6D8003CEC98 /* Cache */,
				E18D79622A8EA541007DEEE1 /* AuthenticationUserStore.swift */,
				E18D79692A8EAC4E007DEEE1 /* AuthenticationUserBody.swift */,
				E18D796B2A8EAD4F007DEEE1 /* StoredUserAccount.swift */,
				E18D796D2A8EAD60007DEEE1 /* AuthenticationValidationService.swift */,
			);
			path = Store;
			sourceTree = "<group>";
		};
		E18D79642A8EA5A2007DEEE1 /* Feature */ = {
			isa = PBXGroup;
			children = (
				E18D79652A8EA5B2007DEEE1 /* UserAccount.swift */,
				E18F0B0A2A91D674003CEC98 /* AccountCacheStoreSaver.swift */,
				E18F0B0C2A91D6C2003CEC98 /* AccountCacheStoreRetriever.swift */,
				E18F0B112A91D745003CEC98 /* AccountCacheStoreRemover.swift */,
			);
			path = Feature;
			sourceTree = "<group>";
		};
		E18D796F2A8EADC4007DEEE1 /* Store */ = {
			isa = PBXGroup;
			children = (
				E18F0B072A91C0BF003CEC98 /* Cache */,
				E18D795E2A8E57B5007DEEE1 /* ValidateUserAuthenticationStoreTests.swift */,
			);
			path = Store;
			sourceTree = "<group>";
		};
		E18F0AD12A91014C003CEC98 /* Registration UI */ = {
			isa = PBXGroup;
			children = (
				E18F0AD52A910412003CEC98 /* Controller */,
				E18F0AD22A910153003CEC98 /* Views */,
			);
			path = "Registration UI";
			sourceTree = "<group>";
		};
		E18F0AD22A910153003CEC98 /* Views */ = {
			isa = PBXGroup;
			children = (
				E18F0AD32A910162003CEC98 /* Registration.storyboard */,
			);
			path = Views;
			sourceTree = "<group>";
		};
		E18F0AD52A910412003CEC98 /* Controller */ = {
			isa = PBXGroup;
			children = (
				E18F0AD62A910421003CEC98 /* RegistrationViewController.swift */,
			);
			path = Controller;
			sourceTree = "<group>";
		};
		E18F0AD82A9105A5003CEC98 /* Registration UI */ = {
			isa = PBXGroup;
			children = (
				E18F0ADB2A9109DC003CEC98 /* snapshots */,
				E18F0AD92A9105BA003CEC98 /* RegistrationSnapshotTests.swift */,
			);
			path = "Registration UI";
			sourceTree = "<group>";
		};
		E18F0ADB2A9109DC003CEC98 /* snapshots */ = {
			isa = PBXGroup;
			children = (
				E18F0ADC2A9109DC003CEC98 /* REGISTRATION_LOADING_light.png */,
				E18F0ADD2A9109DC003CEC98 /* REGISTRATION_INITIAL_SETUP_light.png */,
				E18F0ADE2A9109DC003CEC98 /* REGISTRATION_FIELDS_FILLED_light.png */,
				E18F0ADF2A9109DC003CEC98 /* REGISTRATION_NOT_ALL_FIELDS_FILLED_light.png */,
			);
			path = snapshots;
			sourceTree = "<group>";
		};
		E18F0AE42A911235003CEC98 /* Shared Presentation */ = {
			isa = PBXGroup;
			children = (
				E1891EB32A93667E001F18FF /* Load Resource */,
				E18F0AE52A9112A4003CEC98 /* Send Resource */,
			);
			path = "Shared Presentation";
			sourceTree = "<group>";
		};
		E18F0AE52A9112A4003CEC98 /* Send Resource */ = {
			isa = PBXGroup;
			children = (
				E18F0AE62A9112F2003CEC98 /* SendResourcePresenter.swift */,
				E18F0AE82A913DB1003CEC98 /* SendResourceSucceedView.swift */,
				E18F0AEA2A913DC2003CEC98 /* SendResourceLoadingViewModel.swift */,
				E18F0AEC2A913DD0003CEC98 /* SendResourceLoadingView.swift */,
				E18F0AEE2A913DE7003CEC98 /* SendResourceErrorViewModel.swift */,
				E18F0AF02A913E1B003CEC98 /* SendResourceErrorView.swift */,
			);
			path = "Send Resource";
			sourceTree = "<group>";
		};
		E18F0AF62A91414B003CEC98 /* UI Composer */ = {
			isa = PBXGroup;
			children = (
				E1074C4F2A94F1A4005BF21B /* Cart */,
				E1891EF12A93AAF1001F18FF /* Profile */,
				E1891EBE2A9367E0001F18FF /* Catalogue */,
				E18F0B012A914D81003CEC98 /* Registration */,
				E18F0AFA2A91428E003CEC98 /* Login */,
				E18F0AF42A913F0F003CEC98 /* SendResourcePresentationAdapter.swift */,
				E1891EC12A936B10001F18FF /* LoadResourcePresentationAdapter.swift */,
			);
			path = "UI Composer";
			sourceTree = "<group>";
		};
		E18F0AF72A91417A003CEC98 /* Helpers */ = {
			isa = PBXGroup;
			children = (
				E18F0AF82A91418C003CEC98 /* CombineHelpers.swift */,
				E18F0AFD2A914688003CEC98 /* WeakRefVirtualProxy.swift */,
			);
			path = Helpers;
			sourceTree = "<group>";
		};
		E18F0AFA2A91428E003CEC98 /* Login */ = {
			isa = PBXGroup;
			children = (
				E18F0AFB2A9142A1003CEC98 /* LoginUIComposer.swift */,
				E18F0AFF2A914AC4003CEC98 /* LoginErrorViewAdapter.swift */,
			);
			path = Login;
			sourceTree = "<group>";
		};
		E18F0B012A914D81003CEC98 /* Registration */ = {
			isa = PBXGroup;
			children = (
				E18F0B022A914DC6003CEC98 /* RegistrationUIComposer.swift */,
				E18F0B042A914F28003CEC98 /* RegistrationErrorViewAdapter.swift */,
			);
			path = Registration;
			sourceTree = "<group>";
		};
		E18F0B072A91C0BF003CEC98 /* Cache */ = {
			isa = PBXGroup;
			children = (
				E18F0B082A91C0E6003CEC98 /* KeychainAccountCacheStoreTests.swift */,
			);
			path = Cache;
			sourceTree = "<group>";
		};
		E18F0B0E2A91D6D8003CEC98 /* Cache */ = {
			isa = PBXGroup;
			children = (
				E18F0B0F2A91D6E6003CEC98 /* KeychainAccountCacheStore.swift */,
			);
			path = Cache;
			sourceTree = "<group>";
		};
		E18F0B132A91D8FD003CEC98 /* Motorcycle Catalogue */ = {
			isa = PBXGroup;
			children = (
				E18F0B1A2A91DBFB003CEC98 /* Store */,
				E18F0B142A91D939003CEC98 /* Feature */,
				E1891EC52A936D30001F18FF /* Presentation */,
			);
			path = "Motorcycle Catalogue";
			sourceTree = "<group>";
		};
		E18F0B142A91D939003CEC98 /* Feature */ = {
			isa = PBXGroup;
			children = (
				E18F0B152A91D967003CEC98 /* MotorcycleCatalogueItem.swift */,
			);
			path = Feature;
			sourceTree = "<group>";
		};
		E18F0B1A2A91DBFB003CEC98 /* Store */ = {
			isa = PBXGroup;
			children = (
				E18F0B1B2A91DC19003CEC98 /* MotorycleCatalogueStore.swift */,
				E18F0B232A91E4B9003CEC98 /* MotorycleCatalogueItemsMapper.swift */,
			);
			path = Store;
			sourceTree = "<group>";
		};
		E18F0B1D2A91DDC1003CEC98 /* Motorycle Catalogue */ = {
			isa = PBXGroup;
			children = (
				E18F0B202A91DE05003CEC98 /* Store */,
			);
			path = "Motorycle Catalogue";
			sourceTree = "<group>";
		};
		E18F0B202A91DE05003CEC98 /* Store */ = {
			isa = PBXGroup;
			children = (
				E18F0B212A91DE16003CEC98 /* MotorycleCatalogueItemsMapperTests.swift */,
			);
			path = Store;
			sourceTree = "<group>";
		};
		E18F0B2D2A9211E3003CEC98 /* Catalogue UI */ = {
			isa = PBXGroup;
			children = (
				E1891EB02A936478001F18FF /* Controllers */,
				E18F0B2E2A921234003CEC98 /* Views */,
			);
			path = "Catalogue UI";
			sourceTree = "<group>";
		};
		E18F0B2E2A921234003CEC98 /* Views */ = {
			isa = PBXGroup;
			children = (
				E18F0B2F2A92126C003CEC98 /* Catalogue.storyboard */,
				E1891EAE2A93628A001F18FF /* CatalogueItemCell.swift */,
				E1074C042A941F22005BF21B /* DetailCatalogue.storyboard */,
			);
			path = Views;
			sourceTree = "<group>";
		};
		E18F0B312A921866003CEC98 /* Cart UI */ = {
			isa = PBXGroup;
			children = (
				E1074C442A94EF07005BF21B /* Controllers */,
				E18F0B322A921871003CEC98 /* Views */,
			);
			path = "Cart UI";
			sourceTree = "<group>";
		};
		E18F0B322A921871003CEC98 /* Views */ = {
			isa = PBXGroup;
			children = (
				E18F0B332A92189C003CEC98 /* Cart.storyboard */,
				E1074C352A94E7E6005BF21B /* CartCatalogueItemCell.swift */,
			);
			path = Views;
			sourceTree = "<group>";
		};
		E18F0B352A922E0D003CEC98 /* Profile UI */ = {
			isa = PBXGroup;
			children = (
				E18F0B392A923277003CEC98 /* Controller */,
				E18F0B382A922E21003CEC98 /* Views */,
			);
			path = "Profile UI";
			sourceTree = "<group>";
		};
		E18F0B382A922E21003CEC98 /* Views */ = {
			isa = PBXGroup;
			children = (
				E18F0B362A922E1C003CEC98 /* Profile.storyboard */,
			);
			path = Views;
			sourceTree = "<group>";
		};
		E18F0B392A923277003CEC98 /* Controller */ = {
			isa = PBXGroup;
			children = (
				E18F0B3A2A92328B003CEC98 /* ProfileViewController.swift */,
			);
			path = Controller;
			sourceTree = "<group>";
		};
		E18F0B4A2A925B4C003CEC98 /* Store Infra */ = {
			isa = PBXGroup;
			children = (
				E1074BF82A93F0CB005BF21B /* Profile */,
				E1A7675C2A93567A0082DB5A /* Catalogue */,
				E18F0B4B2A925E08003CEC98 /* Authentication */,
			);
			path = "Store Infra";
			sourceTree = "<group>";
		};
		E18F0B4B2A925E08003CEC98 /* Authentication */ = {
			isa = PBXGroup;
			children = (
				E18F0B4C2A925E39003CEC98 /* FirestoreAuthenticationUserStore.swift */,
			);
			path = Authentication;
			sourceTree = "<group>";
		};
		E1A6D7A82A8C8F1F0094F71C = {
			isa = PBXGroup;
			children = (
				E1A6D7B32A8C8F1F0094F71C /* NawatechGallery */,
				E1A6D7CA2A8C8F200094F71C /* NawatechGalleryTests */,
				E1A6D7B22A8C8F1F0094F71C /* Products */,
				E1A6D7E92A8C94C20094F71C /* Frameworks */,
			);
			sourceTree = "<group>";
		};
		E1A6D7B22A8C8F1F0094F71C /* Products */ = {
			isa = PBXGroup;
			children = (
				E1A6D7B12A8C8F1F0094F71C /* NawatechGallery.app */,
				E1A6D7C72A8C8F200094F71C /* NawatechGalleryTests.xctest */,
			);
			name = Products;
			sourceTree = "<group>";
		};
		E1A6D7B32A8C8F1F0094F71C /* NawatechGallery */ = {
			isa = PBXGroup;
			children = (
				E1891EEC2A938AE9001F18FF /* Shared Store Infra */,
				E1891EE72A938A24001F18FF /* Shared Store */,
				E1891ED12A93734C001F18FF /* Shared API Infra */,
				E1891ECE2A937280001F18FF /* Shared API */,
				E18F0AE42A911235003CEC98 /* Shared Presentation */,
				E18F0B4A2A925B4C003CEC98 /* Store Infra */,
				E16804102A8F8CBA0051B8E5 /* Registration */,
				E18D79602A8EA51C007DEEE1 /* Authentication */,
				E1891ED92A93852E001F18FF /* Profile */,
				E1074C152A94B45D005BF21B /* Order */,
				E1074C472A94F035005BF21B /* Cart */,
				E18F0B132A91D8FD003CEC98 /* Motorcycle Catalogue */,
				E168041B2A8F96300051B8E5 /* NawatechGalleryiOS */,
				E18F0AF62A91414B003CEC98 /* UI Composer */,
				E137FD862A9261D40018D48B /* Flows */,
				E18F0AF72A91417A003CEC98 /* Helpers */,
				E1A6D7B42A8C8F1F0094F71C /* AppDelegate.swift */,
				E1A6D7B62A8C8F1F0094F71C /* SceneDelegate.swift */,
				E1A6D7BD2A8C8F200094F71C /* Assets.xcassets */,
				E1A6D7BF2A8C8F200094F71C /* LaunchScreen.storyboard */,
				E1A6D7C22A8C8F200094F71C /* Info.plist */,
				E1A6D7E42A8C8F6E0094F71C /* GoogleService-Info.plist */,
			);
			path = NawatechGallery;
			sourceTree = "<group>";
		};
		E1A6D7CA2A8C8F200094F71C /* NawatechGalleryTests */ = {
			isa = PBXGroup;
			children = (
				E1074C2E2A94D8A7005BF21B /* Helpers */,
				E1074C242A94C991005BF21B /* Order */,
				E1891EE32A938853001F18FF /* Profile */,
				E1595A132A8FF93200B3DA3F /* NawatechGalleryiOS */,
				E168040D2A8F7DC80051B8E5 /* Registration */,
				E18D795D2A8E56F5007DEEE1 /* Authentication */,
				E18F0B1D2A91DDC1003CEC98 /* Motorycle Catalogue */,
			);
			path = NawatechGalleryTests;
			sourceTree = "<group>";
		};
		E1A6D7E92A8C94C20094F71C /* Frameworks */ = {
			isa = PBXGroup;
			children = (
			);
			name = Frameworks;
			sourceTree = "<group>";
		};
		E1A7675C2A93567A0082DB5A /* Catalogue */ = {
			isa = PBXGroup;
			children = (
				E1A7675D2A9356860082DB5A /* FirestoreMotorycleCatalogueStore.swift */,
			);
			path = Catalogue;
			sourceTree = "<group>";
		};
/* End PBXGroup section */

/* Begin PBXNativeTarget section */
		E1A6D7B02A8C8F1F0094F71C /* NawatechGallery */ = {
			isa = PBXNativeTarget;
			buildConfigurationList = E1A6D7DB2A8C8F200094F71C /* Build configuration list for PBXNativeTarget "NawatechGallery" */;
			buildPhases = (
				E1A6D7AD2A8C8F1F0094F71C /* Sources */,
				E1A6D7AE2A8C8F1F0094F71C /* Frameworks */,
				E1A6D7AF2A8C8F1F0094F71C /* Resources */,
			);
			buildRules = (
			);
			dependencies = (
			);
			name = NawatechGallery;
			packageProductDependencies = (
				E1A6D7E72A8C90780094F71C /* FirebaseFirestore */,
				E1074BFB2A93F15A005BF21B /* FirebaseStorage */,
			);
			productName = NawatechGallery;
			productReference = E1A6D7B12A8C8F1F0094F71C /* NawatechGallery.app */;
			productType = "com.apple.product-type.application";
		};
		E1A6D7C62A8C8F200094F71C /* NawatechGalleryTests */ = {
			isa = PBXNativeTarget;
			buildConfigurationList = E1A6D7DE2A8C8F200094F71C /* Build configuration list for PBXNativeTarget "NawatechGalleryTests" */;
			buildPhases = (
				E1A6D7C32A8C8F200094F71C /* Sources */,
				E1A6D7C42A8C8F200094F71C /* Frameworks */,
				E1A6D7C52A8C8F200094F71C /* Resources */,
			);
			buildRules = (
			);
			dependencies = (
				E1A6D7C92A8C8F200094F71C /* PBXTargetDependency */,
			);
			name = NawatechGalleryTests;
			packageProductDependencies = (
				E1A6D7EA2A8C94C20094F71C /* FirebaseFirestore */,
				E1074C012A941E15005BF21B /* FirebaseStorage */,
			);
			productName = NawatechGalleryTests;
			productReference = E1A6D7C72A8C8F200094F71C /* NawatechGalleryTests.xctest */;
			productType = "com.apple.product-type.bundle.unit-test";
		};
/* End PBXNativeTarget section */

/* Begin PBXProject section */
		E1A6D7A92A8C8F1F0094F71C /* Project object */ = {
			isa = PBXProject;
			attributes = {
				BuildIndependentTargetsInParallel = 1;
				LastSwiftUpdateCheck = 1400;
				LastUpgradeCheck = 1400;
				TargetAttributes = {
					E1A6D7B02A8C8F1F0094F71C = {
						CreatedOnToolsVersion = 14.0;
					};
					E1A6D7C62A8C8F200094F71C = {
						CreatedOnToolsVersion = 14.0;
						LastSwiftMigration = 1400;
						TestTargetID = E1A6D7B02A8C8F1F0094F71C;
					};
				};
			};
			buildConfigurationList = E1A6D7AC2A8C8F1F0094F71C /* Build configuration list for PBXProject "NawatechGallery" */;
			compatibilityVersion = "Xcode 14.0";
			developmentRegion = en;
			hasScannedForEncodings = 0;
			knownRegions = (
				en,
				Base,
			);
			mainGroup = E1A6D7A82A8C8F1F0094F71C;
			packageReferences = (
				E1A6D7E62A8C90780094F71C /* XCRemoteSwiftPackageReference "firebase-ios-sdk" */,
			);
			productRefGroup = E1A6D7B22A8C8F1F0094F71C /* Products */;
			projectDirPath = "";
			projectRoot = "";
			targets = (
				E1A6D7B02A8C8F1F0094F71C /* NawatechGallery */,
				E1A6D7C62A8C8F200094F71C /* NawatechGalleryTests */,
			);
		};
/* End PBXProject section */

/* Begin PBXResourcesBuildPhase section */
		E1A6D7AF2A8C8F1F0094F71C /* Resources */ = {
			isa = PBXResourcesBuildPhase;
			buildActionMask = 2147483647;
			files = (
				E1074C052A941F22005BF21B /* DetailCatalogue.storyboard in Resources */,
				E18F0B342A92189C003CEC98 /* Cart.storyboard in Resources */,
				E1A6D7C12A8C8F200094F71C /* LaunchScreen.storyboard in Resources */,
				E18F0AD42A910162003CEC98 /* Registration.storyboard in Resources */,
				E1A6D7E52A8C8F6E0094F71C /* GoogleService-Info.plist in Resources */,
				E18F0B302A92126C003CEC98 /* Catalogue.storyboard in Resources */,
				E1A6D7BE2A8C8F200094F71C /* Assets.xcassets in Resources */,
				E18F0B372A922E1C003CEC98 /* Profile.storyboard in Resources */,
				E168041F2A8FA47A0051B8E5 /* Login.storyboard in Resources */,
			);
			runOnlyForDeploymentPostprocessing = 0;
		};
		E1A6D7C52A8C8F200094F71C /* Resources */ = {
			isa = PBXResourcesBuildPhase;
			buildActionMask = 2147483647;
			files = (
				E1595A1E2A8FFD7C00B3DA3F /* LOGIN_INITIAL_SETUP_light.png in Resources */,
				E18F0AD02A91005A003CEC98 /* LOGIN_FIELDS_FILLED_light.png in Resources */,
				E18F0AE12A9109DD003CEC98 /* REGISTRATION_INITIAL_SETUP_light.png in Resources */,
				E18F0ACF2A91005A003CEC98 /* LOGIN_NOT_ALL_FIELDS_FILLED_light.png in Resources */,
				E18F0AE22A9109DD003CEC98 /* REGISTRATION_FIELDS_FILLED_light.png in Resources */,
				E18F0AE02A9109DD003CEC98 /* REGISTRATION_LOADING_light.png in Resources */,
				E18F0AE32A9109DD003CEC98 /* REGISTRATION_NOT_ALL_FIELDS_FILLED_light.png in Resources */,
				E18F0ACE2A91005A003CEC98 /* LOGIN_LOADING_light.png in Resources */,
			);
			runOnlyForDeploymentPostprocessing = 0;
		};
/* End PBXResourcesBuildPhase section */

/* Begin PBXSourcesBuildPhase section */
		E1A6D7AD2A8C8F1F0094F71C /* Sources */ = {
			isa = PBXSourcesBuildPhase;
			buildActionMask = 2147483647;
			files = (
				E18D796A2A8EAC4E007DEEE1 /* AuthenticationUserBody.swift in Sources */,
				E1074C0D2A9435A7005BF21B /* DetailCatalogueResourceViewAdapter.swift in Sources */,
				E1074C182A94B4AE005BF21B /* OrderCatalogueItem.swift in Sources */,
				E1074BF52A93B03D005BF21B /* SharedKeys.swift in Sources */,
				E1074C5C2A94FEBF005BF21B /* SharedFirestoreClient.swift in Sources */,
				E18F0AE92A913DB1003CEC98 /* SendResourceSucceedView.swift in Sources */,
				E18F0B102A91D6E6003CEC98 /* KeychainAccountCacheStore.swift in Sources */,
				E18F0AEB2A913DC2003CEC98 /* SendResourceLoadingViewModel.swift in Sources */,
				E18F0AEF2A913DE7003CEC98 /* SendResourceErrorViewModel.swift in Sources */,
				E1074C622A95479D005BF21B /* MainTabBarViewController.swift in Sources */,
				E1891EB72A93673C001F18FF /* ResourceLoadingView.swift in Sources */,
				E1891ED02A93728B001F18FF /* HTTPClient.swift in Sources */,
				E1891ECD2A9370DA001F18FF /* MotorcycleCatalogueFlow.swift in Sources */,
				E18D796C2A8EAD4F007DEEE1 /* StoredUserAccount.swift in Sources */,
				E18F0B242A91E4B9003CEC98 /* MotorycleCatalogueItemsMapper.swift in Sources */,
				E18F0AF12A913E1B003CEC98 /* SendResourceErrorView.swift in Sources */,
				E18F0AE72A9112F2003CEC98 /* SendResourcePresenter.swift in Sources */,
				E18F0B002A914AC4003CEC98 /* LoginErrorViewAdapter.swift in Sources */,
				E1891EF32A93AB10001F18FF /* ProfileUIComposer.swift in Sources */,
				E1074C3C2A94EC22005BF21B /* UITableView+DequeueCell.swift in Sources */,
				E1074C512A94F1AE005BF21B /* CartUIComposer.swift in Sources */,
				E1074C092A942D96005BF21B /* DetailCatalogueUIComposer.swift in Sources */,
				E18D79632A8EA541007DEEE1 /* AuthenticationUserStore.swift in Sources */,
				E16804182A8F8D510051B8E5 /* StoredRegistrationUserAccount.swift in Sources */,
				E18F0AD72A910421003CEC98 /* RegistrationViewController.swift in Sources */,
				E18F0B0D2A91D6C2003CEC98 /* AccountCacheStoreRetriever.swift in Sources */,
				E1074C532A94F3F2005BF21B /* CartCatalogueItemPresenter.swift in Sources */,
				E1891EC02A9367F4001F18FF /* CatalogueUIComposer.swift in Sources */,
				E1891EE92A938A42001F18FF /* StoreRetriever.swift in Sources */,
				E18F0B122A91D745003CEC98 /* AccountCacheStoreRemover.swift in Sources */,
				E18F0AFE2A914688003CEC98 /* WeakRefVirtualProxy.swift in Sources */,
				E1074C4E2A94F109005BF21B /* CartCatalogueItem.swift in Sources */,
				E1074BFA2A93F130005BF21B /* FirebaseStorageProfileImageStore.swift in Sources */,
				E1074C642A954AF7005BF21B /* MainTabBarViewModel.swift in Sources */,
				E1074C1B2A94B548005BF21B /* OrderCatalogueItemsMapper.swift in Sources */,
				E1891EDD2A938553001F18FF /* ProfileUserAccount.swift in Sources */,
				E1074C552A94F421005BF21B /* CartResourceViewAdapter.swift in Sources */,
				E1891EB52A93668E001F18FF /* LoadResourcePresenter.swift in Sources */,
				E1074C462A94EF20005BF21B /* CartCatalogueItemCellController.swift in Sources */,
				E1891EB22A936490001F18FF /* CatalogueItemCellController.swift in Sources */,
				E1074C2B2A94D22E005BF21B /* StoredOrderCatalogueItem.swift in Sources */,
				E1A7675E2A9356860082DB5A /* FirestoreMotorycleCatalogueStore.swift in Sources */,
				E18F0B032A914DC6003CEC98 /* RegistrationUIComposer.swift in Sources */,
				E1891EB92A93674D001F18FF /* ResourceLoadingViewModel.swift in Sources */,
				E1891EAB2A935E9E001F18FF /* ListViewController.swift in Sources */,
				E1891EC72A936D52001F18FF /* MotorcycleCatalogueItemPresenter.swift in Sources */,
				E1891EAD2A936164001F18FF /* CellController.swift in Sources */,
				E1074BF02A93AF19005BF21B /* ProfileViewAdapter.swift in Sources */,
				E1074C4A2A94F04F005BF21B /* CartCatalogueItemViewModel.swift in Sources */,
				E1074C292A94D08F005BF21B /* StoreOrderCatalogueSaver.swift in Sources */,
				E1891ED62A9374F7001F18FF /* GalleryImageDataMapper.swift in Sources */,
				E137FD882A9261EE0018D48B /* AuthenticationFlow.swift in Sources */,
				E1074C5A2A94F788005BF21B /* CartCatalogueFlow.swift in Sources */,
				E16804132A8F8CE70051B8E5 /* RegistrationUserAccount.swift in Sources */,
				E1891EEB2A938AD5001F18FF /* StoreQuery.swift in Sources */,
				E16804162A8F8D340051B8E5 /* RegistrationUserAccountStore.swift in Sources */,
				E1074BF22A93AF7E005BF21B /* ProfileFlow.swift in Sources */,
				E1891EE22A9386C3001F18FF /* ProfileUserAccountMapper.swift in Sources */,
				E168041A2A8F8DD80051B8E5 /* RegistrationUserAccountService.swift in Sources */,
				E1074C3E2A94EC61005BF21B /* UIView+Shimmering.swift in Sources */,
				E18D796E2A8EAD60007DEEE1 /* AuthenticationValidationService.swift in Sources */,
				E18F0B0B2A91D674003CEC98 /* AccountCacheStoreSaver.swift in Sources */,
				E1074C0B2A943134005BF21B /* DetailCatalogueItemViewModel.swift in Sources */,
				E1891ED32A937364001F18FF /* URLSessionHTTPClient.swift in Sources */,
				E18F0B1C2A91DC19003CEC98 /* MotorycleCatalogueStore.swift in Sources */,
				E18F0B4D2A925E39003CEC98 /* FirestoreAuthenticationUserStore.swift in Sources */,
				E18F0AFC2A9142A1003CEC98 /* LoginUIComposer.swift in Sources */,
				E1074C002A940466005BF21B /* StoreModifier.swift in Sources */,
				E18F0AF92A91418C003CEC98 /* CombineHelpers.swift in Sources */,
				E18F0B052A914F28003CEC98 /* RegistrationErrorViewAdapter.swift in Sources */,
				E1074C1E2A94B670005BF21B /* StoreSaver.swift in Sources */,
				E18F0AF52A913F0F003CEC98 /* SendResourcePresentationAdapter.swift in Sources */,
				E1891EBB2A93675B001F18FF /* ResourceErrorView.swift in Sources */,
				E1074C402A94EC7C005BF21B /* UIImageView+ImageAnimated.swift in Sources */,
				E1074C072A942B97005BF21B /* DetailCatalogueItemViewController.swift in Sources */,
				E1074C0F2A943640005BF21B /* DetailCatalogueImageViewAdapter.swift in Sources */,
				E1A6D7B52A8C8F1F0094F71C /* AppDelegate.swift in Sources */,
				E1A6D7B72A8C8F1F0094F71C /* SceneDelegate.swift in Sources */,
				E1891EBD2A936767001F18FF /* ResourceErrorViewModel.swift in Sources */,
				E18F0AED2A913DD0003CEC98 /* SendResourceLoadingView.swift in Sources */,
				E1074C362A94E7E6005BF21B /* CartCatalogueItemCell.swift in Sources */,
				E1595A122A8FF75F00B3DA3F /* LoginViewController.swift in Sources */,
				E1891EC42A936B22001F18FF /* CatalogueViewAdapter.swift in Sources */,
				E1074BF72A93F019005BF21B /* ProfileImageStore.swift in Sources */,
				E18F0B3B2A92328B003CEC98 /* ProfileViewController.swift in Sources */,
				E1891EC92A936D8D001F18FF /* CatalogueItemViewModel.swift in Sources */,
				E18D79662A8EA5B2007DEEE1 /* UserAccount.swift in Sources */,
				E1891EC22A936B10001F18FF /* LoadResourcePresentationAdapter.swift in Sources */,
				E1074BFE2A9400AE005BF21B /* UploadImageProfileAdapter.swift in Sources */,
				E1074C232A94BFC1005BF21B /* DetailCatalogueItemPresenter.swift in Sources */,
				E18F0B162A91D967003CEC98 /* MotorcycleCatalogueItem.swift in Sources */,
				E1891ECB2A936FFD001F18FF /* CataloguePresenter.swift in Sources */,
				E1891EAF2A93628A001F18FF /* CatalogueItemCell.swift in Sources */,
			);
			runOnlyForDeploymentPostprocessing = 0;
		};
		E1A6D7C32A8C8F200094F71C /* Sources */ = {
			isa = PBXSourcesBuildPhase;
			buildActionMask = 2147483647;
			files = (
				E18F0B222A91DE16003CEC98 /* MotorycleCatalogueItemsMapperTests.swift in Sources */,
				E18F0ADA2A9105BA003CEC98 /* RegistrationSnapshotTests.swift in Sources */,
				E1595A162A8FF96300B3DA3F /* LoginSnapshotTests.swift in Sources */,
				E1074C2D2A94D35E005BF21B /* SaveOrderCatalogueIntoStoreTests.swift in Sources */,
				E1891EE62A93886D001F18FF /* ProfileUserAccountMapperTests.swift in Sources */,
				E1074C302A94D8CC005BF21B /* XCTestCase+MemoryLeakTracking.swift in Sources */,
				E1595A1B2A8FFA4500B3DA3F /* UIViewController+Snapshot.swift in Sources */,
				E18D795F2A8E57B5007DEEE1 /* ValidateUserAuthenticationStoreTests.swift in Sources */,
				E1074C272A94C9A9005BF21B /* OrderCatalogueItemsMapperTests.swift in Sources */,
				E18F0B092A91C0E6003CEC98 /* KeychainAccountCacheStoreTests.swift in Sources */,
				E1595A192A8FF9DB00B3DA3F /* XCTestCase+Snapshot.swift in Sources */,
				E168040F2A8F7E080051B8E5 /* StoredUserAccountUseCaseTests.swift in Sources */,
			);
			runOnlyForDeploymentPostprocessing = 0;
		};
/* End PBXSourcesBuildPhase section */

/* Begin PBXTargetDependency section */
		E1A6D7C92A8C8F200094F71C /* PBXTargetDependency */ = {
			isa = PBXTargetDependency;
			target = E1A6D7B02A8C8F1F0094F71C /* NawatechGallery */;
			targetProxy = E1A6D7C82A8C8F200094F71C /* PBXContainerItemProxy */;
		};
/* End PBXTargetDependency section */

/* Begin PBXVariantGroup section */
		E1A6D7BF2A8C8F200094F71C /* LaunchScreen.storyboard */ = {
			isa = PBXVariantGroup;
			children = (
				E1A6D7C02A8C8F200094F71C /* Base */,
			);
			name = LaunchScreen.storyboard;
			sourceTree = "<group>";
		};
/* End PBXVariantGroup section */

/* Begin XCBuildConfiguration section */
		E1A6D7D92A8C8F200094F71C /* Debug */ = {
			isa = XCBuildConfiguration;
			buildSettings = {
				ALWAYS_SEARCH_USER_PATHS = NO;
				CLANG_ANALYZER_NONNULL = YES;
				CLANG_ANALYZER_NUMBER_OBJECT_CONVERSION = YES_AGGRESSIVE;
				CLANG_CXX_LANGUAGE_STANDARD = "gnu++20";
				CLANG_ENABLE_MODULES = YES;
				CLANG_ENABLE_OBJC_ARC = YES;
				CLANG_ENABLE_OBJC_WEAK = YES;
				CLANG_WARN_BLOCK_CAPTURE_AUTORELEASING = YES;
				CLANG_WARN_BOOL_CONVERSION = YES;
				CLANG_WARN_COMMA = YES;
				CLANG_WARN_CONSTANT_CONVERSION = YES;
				CLANG_WARN_DEPRECATED_OBJC_IMPLEMENTATIONS = YES;
				CLANG_WARN_DIRECT_OBJC_ISA_USAGE = YES_ERROR;
				CLANG_WARN_DOCUMENTATION_COMMENTS = YES;
				CLANG_WARN_EMPTY_BODY = YES;
				CLANG_WARN_ENUM_CONVERSION = YES;
				CLANG_WARN_INFINITE_RECURSION = YES;
				CLANG_WARN_INT_CONVERSION = YES;
				CLANG_WARN_NON_LITERAL_NULL_CONVERSION = YES;
				CLANG_WARN_OBJC_IMPLICIT_RETAIN_SELF = YES;
				CLANG_WARN_OBJC_LITERAL_CONVERSION = YES;
				CLANG_WARN_OBJC_ROOT_CLASS = YES_ERROR;
				CLANG_WARN_QUOTED_INCLUDE_IN_FRAMEWORK_HEADER = YES;
				CLANG_WARN_RANGE_LOOP_ANALYSIS = YES;
				CLANG_WARN_STRICT_PROTOTYPES = YES;
				CLANG_WARN_SUSPICIOUS_MOVE = YES;
				CLANG_WARN_UNGUARDED_AVAILABILITY = YES_AGGRESSIVE;
				CLANG_WARN_UNREACHABLE_CODE = YES;
				CLANG_WARN__DUPLICATE_METHOD_MATCH = YES;
				COPY_PHASE_STRIP = NO;
				DEBUG_INFORMATION_FORMAT = dwarf;
				ENABLE_STRICT_OBJC_MSGSEND = YES;
				ENABLE_TESTABILITY = YES;
				GCC_C_LANGUAGE_STANDARD = gnu11;
				GCC_DYNAMIC_NO_PIC = NO;
				GCC_NO_COMMON_BLOCKS = YES;
				GCC_OPTIMIZATION_LEVEL = 0;
				GCC_PREPROCESSOR_DEFINITIONS = (
					"DEBUG=1",
					"$(inherited)",
				);
				GCC_WARN_64_TO_32_BIT_CONVERSION = YES;
				GCC_WARN_ABOUT_RETURN_TYPE = YES_ERROR;
				GCC_WARN_UNDECLARED_SELECTOR = YES;
				GCC_WARN_UNINITIALIZED_AUTOS = YES_AGGRESSIVE;
				GCC_WARN_UNUSED_FUNCTION = YES;
				GCC_WARN_UNUSED_VARIABLE = YES;
				IPHONEOS_DEPLOYMENT_TARGET = 16.0;
				MTL_ENABLE_DEBUG_INFO = INCLUDE_SOURCE;
				MTL_FAST_MATH = YES;
				ONLY_ACTIVE_ARCH = YES;
				SDKROOT = iphoneos;
				SWIFT_ACTIVE_COMPILATION_CONDITIONS = DEBUG;
				SWIFT_OPTIMIZATION_LEVEL = "-Onone";
			};
			name = Debug;
		};
		E1A6D7DA2A8C8F200094F71C /* Release */ = {
			isa = XCBuildConfiguration;
			buildSettings = {
				ALWAYS_SEARCH_USER_PATHS = NO;
				CLANG_ANALYZER_NONNULL = YES;
				CLANG_ANALYZER_NUMBER_OBJECT_CONVERSION = YES_AGGRESSIVE;
				CLANG_CXX_LANGUAGE_STANDARD = "gnu++20";
				CLANG_ENABLE_MODULES = YES;
				CLANG_ENABLE_OBJC_ARC = YES;
				CLANG_ENABLE_OBJC_WEAK = YES;
				CLANG_WARN_BLOCK_CAPTURE_AUTORELEASING = YES;
				CLANG_WARN_BOOL_CONVERSION = YES;
				CLANG_WARN_COMMA = YES;
				CLANG_WARN_CONSTANT_CONVERSION = YES;
				CLANG_WARN_DEPRECATED_OBJC_IMPLEMENTATIONS = YES;
				CLANG_WARN_DIRECT_OBJC_ISA_USAGE = YES_ERROR;
				CLANG_WARN_DOCUMENTATION_COMMENTS = YES;
				CLANG_WARN_EMPTY_BODY = YES;
				CLANG_WARN_ENUM_CONVERSION = YES;
				CLANG_WARN_INFINITE_RECURSION = YES;
				CLANG_WARN_INT_CONVERSION = YES;
				CLANG_WARN_NON_LITERAL_NULL_CONVERSION = YES;
				CLANG_WARN_OBJC_IMPLICIT_RETAIN_SELF = YES;
				CLANG_WARN_OBJC_LITERAL_CONVERSION = YES;
				CLANG_WARN_OBJC_ROOT_CLASS = YES_ERROR;
				CLANG_WARN_QUOTED_INCLUDE_IN_FRAMEWORK_HEADER = YES;
				CLANG_WARN_RANGE_LOOP_ANALYSIS = YES;
				CLANG_WARN_STRICT_PROTOTYPES = YES;
				CLANG_WARN_SUSPICIOUS_MOVE = YES;
				CLANG_WARN_UNGUARDED_AVAILABILITY = YES_AGGRESSIVE;
				CLANG_WARN_UNREACHABLE_CODE = YES;
				CLANG_WARN__DUPLICATE_METHOD_MATCH = YES;
				COPY_PHASE_STRIP = NO;
				DEBUG_INFORMATION_FORMAT = "dwarf-with-dsym";
				ENABLE_NS_ASSERTIONS = NO;
				ENABLE_STRICT_OBJC_MSGSEND = YES;
				GCC_C_LANGUAGE_STANDARD = gnu11;
				GCC_NO_COMMON_BLOCKS = YES;
				GCC_WARN_64_TO_32_BIT_CONVERSION = YES;
				GCC_WARN_ABOUT_RETURN_TYPE = YES_ERROR;
				GCC_WARN_UNDECLARED_SELECTOR = YES;
				GCC_WARN_UNINITIALIZED_AUTOS = YES_AGGRESSIVE;
				GCC_WARN_UNUSED_FUNCTION = YES;
				GCC_WARN_UNUSED_VARIABLE = YES;
				IPHONEOS_DEPLOYMENT_TARGET = 16.0;
				MTL_ENABLE_DEBUG_INFO = NO;
				MTL_FAST_MATH = YES;
				SDKROOT = iphoneos;
				SWIFT_COMPILATION_MODE = wholemodule;
				SWIFT_OPTIMIZATION_LEVEL = "-O";
				VALIDATE_PRODUCT = YES;
			};
			name = Release;
		};
		E1A6D7DC2A8C8F200094F71C /* Debug */ = {
			isa = XCBuildConfiguration;
			buildSettings = {
				ASSETCATALOG_COMPILER_APPICON_NAME = AppIcon;
				ASSETCATALOG_COMPILER_GLOBAL_ACCENT_COLOR_NAME = AccentColor;
				CODE_SIGN_STYLE = Automatic;
				CURRENT_PROJECT_VERSION = 1;
				DEVELOPMENT_TEAM = YKPQ92PAK3;
				GENERATE_INFOPLIST_FILE = YES;
				INFOPLIST_FILE = NawatechGallery/Info.plist;
				INFOPLIST_KEY_NSPhotoLibraryAddUsageDescription = "Please allow it to upload image profile.";
				INFOPLIST_KEY_UIApplicationSupportsIndirectInputEvents = YES;
				INFOPLIST_KEY_UILaunchStoryboardName = LaunchScreen;
				INFOPLIST_KEY_UISupportedInterfaceOrientations_iPad = "UIInterfaceOrientationPortrait UIInterfaceOrientationPortraitUpsideDown UIInterfaceOrientationLandscapeLeft UIInterfaceOrientationLandscapeRight";
				INFOPLIST_KEY_UISupportedInterfaceOrientations_iPhone = "UIInterfaceOrientationPortrait UIInterfaceOrientationLandscapeLeft UIInterfaceOrientationLandscapeRight";
				LD_RUNPATH_SEARCH_PATHS = (
					"$(inherited)",
					"@executable_path/Frameworks",
				);
				MARKETING_VERSION = 1.0;
				PRODUCT_BUNDLE_IDENTIFIER = com.reynaldiwijaya.NawatechGallery;
				PRODUCT_NAME = "$(TARGET_NAME)";
				SWIFT_EMIT_LOC_STRINGS = YES;
				SWIFT_VERSION = 5.0;
				TARGETED_DEVICE_FAMILY = "1,2";
			};
			name = Debug;
		};
		E1A6D7DD2A8C8F200094F71C /* Release */ = {
			isa = XCBuildConfiguration;
			buildSettings = {
				ASSETCATALOG_COMPILER_APPICON_NAME = AppIcon;
				ASSETCATALOG_COMPILER_GLOBAL_ACCENT_COLOR_NAME = AccentColor;
				CODE_SIGN_STYLE = Automatic;
				CURRENT_PROJECT_VERSION = 1;
				DEVELOPMENT_TEAM = YKPQ92PAK3;
				GENERATE_INFOPLIST_FILE = YES;
				INFOPLIST_FILE = NawatechGallery/Info.plist;
				INFOPLIST_KEY_NSPhotoLibraryAddUsageDescription = "Please allow it to upload image profile.";
				INFOPLIST_KEY_UIApplicationSupportsIndirectInputEvents = YES;
				INFOPLIST_KEY_UILaunchStoryboardName = LaunchScreen;
				INFOPLIST_KEY_UISupportedInterfaceOrientations_iPad = "UIInterfaceOrientationPortrait UIInterfaceOrientationPortraitUpsideDown UIInterfaceOrientationLandscapeLeft UIInterfaceOrientationLandscapeRight";
				INFOPLIST_KEY_UISupportedInterfaceOrientations_iPhone = "UIInterfaceOrientationPortrait UIInterfaceOrientationLandscapeLeft UIInterfaceOrientationLandscapeRight";
				LD_RUNPATH_SEARCH_PATHS = (
					"$(inherited)",
					"@executable_path/Frameworks",
				);
				MARKETING_VERSION = 1.0;
				PRODUCT_BUNDLE_IDENTIFIER = com.reynaldiwijaya.NawatechGallery;
				PRODUCT_NAME = "$(TARGET_NAME)";
				SWIFT_EMIT_LOC_STRINGS = YES;
				SWIFT_VERSION = 5.0;
				TARGETED_DEVICE_FAMILY = "1,2";
			};
			name = Release;
		};
		E1A6D7DF2A8C8F200094F71C /* Debug */ = {
			isa = XCBuildConfiguration;
			buildSettings = {
				ALWAYS_EMBED_SWIFT_STANDARD_LIBRARIES = YES;
				BUNDLE_LOADER = "$(TEST_HOST)";
				CLANG_ENABLE_MODULES = YES;
				CODE_SIGN_STYLE = Automatic;
				CURRENT_PROJECT_VERSION = 1;
				DEVELOPMENT_TEAM = YKPQ92PAK3;
				GENERATE_INFOPLIST_FILE = YES;
				IPHONEOS_DEPLOYMENT_TARGET = 16.0;
				LD_RUNPATH_SEARCH_PATHS = (
					"$(inherited)",
					"@executable_path/Frameworks",
					"@loader_path/Frameworks",
				);
				MARKETING_VERSION = 1.0;
				PRODUCT_BUNDLE_IDENTIFIER = com.reynaldiwijaya.NawatechGalleryTests;
				PRODUCT_NAME = "$(TARGET_NAME)";
				SWIFT_EMIT_LOC_STRINGS = NO;
				SWIFT_OPTIMIZATION_LEVEL = "-Onone";
				SWIFT_VERSION = 5.0;
				TARGETED_DEVICE_FAMILY = "1,2";
				TEST_HOST = "$(BUILT_PRODUCTS_DIR)/NawatechGallery.app/$(BUNDLE_EXECUTABLE_FOLDER_PATH)/NawatechGallery";
			};
			name = Debug;
		};
		E1A6D7E02A8C8F200094F71C /* Release */ = {
			isa = XCBuildConfiguration;
			buildSettings = {
				ALWAYS_EMBED_SWIFT_STANDARD_LIBRARIES = YES;
				BUNDLE_LOADER = "$(TEST_HOST)";
				CLANG_ENABLE_MODULES = YES;
				CODE_SIGN_STYLE = Automatic;
				CURRENT_PROJECT_VERSION = 1;
				DEVELOPMENT_TEAM = YKPQ92PAK3;
				GENERATE_INFOPLIST_FILE = YES;
				IPHONEOS_DEPLOYMENT_TARGET = 16.0;
				LD_RUNPATH_SEARCH_PATHS = (
					"$(inherited)",
					"@executable_path/Frameworks",
					"@loader_path/Frameworks",
				);
				MARKETING_VERSION = 1.0;
				PRODUCT_BUNDLE_IDENTIFIER = com.reynaldiwijaya.NawatechGalleryTests;
				PRODUCT_NAME = "$(TARGET_NAME)";
				SWIFT_EMIT_LOC_STRINGS = NO;
				SWIFT_VERSION = 5.0;
				TARGETED_DEVICE_FAMILY = "1,2";
				TEST_HOST = "$(BUILT_PRODUCTS_DIR)/NawatechGallery.app/$(BUNDLE_EXECUTABLE_FOLDER_PATH)/NawatechGallery";
			};
			name = Release;
		};
/* End XCBuildConfiguration section */

/* Begin XCConfigurationList section */
		E1A6D7AC2A8C8F1F0094F71C /* Build configuration list for PBXProject "NawatechGallery" */ = {
			isa = XCConfigurationList;
			buildConfigurations = (
				E1A6D7D92A8C8F200094F71C /* Debug */,
				E1A6D7DA2A8C8F200094F71C /* Release */,
			);
			defaultConfigurationIsVisible = 0;
			defaultConfigurationName = Release;
		};
		E1A6D7DB2A8C8F200094F71C /* Build configuration list for PBXNativeTarget "NawatechGallery" */ = {
			isa = XCConfigurationList;
			buildConfigurations = (
				E1A6D7DC2A8C8F200094F71C /* Debug */,
				E1A6D7DD2A8C8F200094F71C /* Release */,
			);
			defaultConfigurationIsVisible = 0;
			defaultConfigurationName = Release;
		};
		E1A6D7DE2A8C8F200094F71C /* Build configuration list for PBXNativeTarget "NawatechGalleryTests" */ = {
			isa = XCConfigurationList;
			buildConfigurations = (
				E1A6D7DF2A8C8F200094F71C /* Debug */,
				E1A6D7E02A8C8F200094F71C /* Release */,
			);
			defaultConfigurationIsVisible = 0;
			defaultConfigurationName = Release;
		};
/* End XCConfigurationList section */

/* Begin XCRemoteSwiftPackageReference section */
		E1A6D7E62A8C90780094F71C /* XCRemoteSwiftPackageReference "firebase-ios-sdk" */ = {
			isa = XCRemoteSwiftPackageReference;
			repositoryURL = "https://github.com/firebase/firebase-ios-sdk";
			requirement = {
				kind = upToNextMajorVersion;
				minimumVersion = 9.0.0;
			};
		};
/* End XCRemoteSwiftPackageReference section */

/* Begin XCSwiftPackageProductDependency section */
		E1074BFB2A93F15A005BF21B /* FirebaseStorage */ = {
			isa = XCSwiftPackageProductDependency;
			package = E1A6D7E62A8C90780094F71C /* XCRemoteSwiftPackageReference "firebase-ios-sdk" */;
			productName = FirebaseStorage;
		};
		E1074C012A941E15005BF21B /* FirebaseStorage */ = {
			isa = XCSwiftPackageProductDependency;
			package = E1A6D7E62A8C90780094F71C /* XCRemoteSwiftPackageReference "firebase-ios-sdk" */;
			productName = FirebaseStorage;
		};
		E1A6D7E72A8C90780094F71C /* FirebaseFirestore */ = {
			isa = XCSwiftPackageProductDependency;
			package = E1A6D7E62A8C90780094F71C /* XCRemoteSwiftPackageReference "firebase-ios-sdk" */;
			productName = FirebaseFirestore;
		};
		E1A6D7EA2A8C94C20094F71C /* FirebaseFirestore */ = {
			isa = XCSwiftPackageProductDependency;
			package = E1A6D7E62A8C90780094F71C /* XCRemoteSwiftPackageReference "firebase-ios-sdk" */;
			productName = FirebaseFirestore;
		};
/* End XCSwiftPackageProductDependency section */
	};
	rootObject = E1A6D7A92A8C8F1F0094F71C /* Project object */;
}
