// !$*UTF8*$!
{
	archiveVersion = 1;
	classes = {
	};
	objectVersion = 56;
	objects = {

/* Begin PBXBuildFile section */
		E1595A122A8FF75F00B3DA3F /* LoginViewController.swift in Sources */ = {isa = PBXBuildFile; fileRef = E1595A112A8FF75F00B3DA3F /* LoginViewController.swift */; };
		E1595A162A8FF96300B3DA3F /* LoginSnapshotTests.swift in Sources */ = {isa = PBXBuildFile; fileRef = E1595A152A8FF96300B3DA3F /* LoginSnapshotTests.swift */; };
		E1595A192A8FF9DB00B3DA3F /* XCTestCase+Snapshot.swift in Sources */ = {isa = PBXBuildFile; fileRef = E1595A182A8FF9DA00B3DA3F /* XCTestCase+Snapshot.swift */; };
		E1595A1B2A8FFA4500B3DA3F /* UIViewController+Snapshot.swift in Sources */ = {isa = PBXBuildFile; fileRef = E1595A1A2A8FFA4500B3DA3F /* UIViewController+Snapshot.swift */; };
		E1595A1E2A8FFD7C00B3DA3F /* LOGIN_INITIAL_SETUP_light.png in Resources */ = {isa = PBXBuildFile; fileRef = E1595A1D2A8FFD7C00B3DA3F /* LOGIN_INITIAL_SETUP_light.png */; };
		E168040F2A8F7E080051B8E5 /* StoredUserAccountUseCaseTests.swift in Sources */ = {isa = PBXBuildFile; fileRef = E168040E2A8F7E080051B8E5 /* StoredUserAccountUseCaseTests.swift */; };
		E16804132A8F8CE70051B8E5 /* RegistrationUserAccount.swift in Sources */ = {isa = PBXBuildFile; fileRef = E16804122A8F8CE70051B8E5 /* RegistrationUserAccount.swift */; };
		E16804162A8F8D340051B8E5 /* RegistrationUserAccountStore.swift in Sources */ = {isa = PBXBuildFile; fileRef = E16804152A8F8D340051B8E5 /* RegistrationUserAccountStore.swift */; };
		E16804182A8F8D510051B8E5 /* StoredRegistrationUserAccount.swift in Sources */ = {isa = PBXBuildFile; fileRef = E16804172A8F8D510051B8E5 /* StoredRegistrationUserAccount.swift */; };
		E168041A2A8F8DD80051B8E5 /* RegistrationUserAccountService.swift in Sources */ = {isa = PBXBuildFile; fileRef = E16804192A8F8DD80051B8E5 /* RegistrationUserAccountService.swift */; };
		E168041F2A8FA47A0051B8E5 /* Login.storyboard in Resources */ = {isa = PBXBuildFile; fileRef = E168041E2A8FA47A0051B8E5 /* Login.storyboard */; };
		E18D795F2A8E57B5007DEEE1 /* ValidateUserAuthenticationStoreTests.swift in Sources */ = {isa = PBXBuildFile; fileRef = E18D795E2A8E57B5007DEEE1 /* ValidateUserAuthenticationStoreTests.swift */; };
		E18D79632A8EA541007DEEE1 /* AuthenticationUserStore.swift in Sources */ = {isa = PBXBuildFile; fileRef = E18D79622A8EA541007DEEE1 /* AuthenticationUserStore.swift */; };
		E18D79662A8EA5B2007DEEE1 /* UserAccount.swift in Sources */ = {isa = PBXBuildFile; fileRef = E18D79652A8EA5B2007DEEE1 /* UserAccount.swift */; };
		E18D796A2A8EAC4E007DEEE1 /* AuthenticationUserBody.swift in Sources */ = {isa = PBXBuildFile; fileRef = E18D79692A8EAC4E007DEEE1 /* AuthenticationUserBody.swift */; };
		E18D796C2A8EAD4F007DEEE1 /* StoredUserAccount.swift in Sources */ = {isa = PBXBuildFile; fileRef = E18D796B2A8EAD4F007DEEE1 /* StoredUserAccount.swift */; };
		E18D796E2A8EAD60007DEEE1 /* AuthenticationValidationService.swift in Sources */ = {isa = PBXBuildFile; fileRef = E18D796D2A8EAD60007DEEE1 /* AuthenticationValidationService.swift */; };
		E18F0ACE2A91005A003CEC98 /* LOGIN_LOADING_light.png in Resources */ = {isa = PBXBuildFile; fileRef = E18F0ACB2A91005A003CEC98 /* LOGIN_LOADING_light.png */; };
		E18F0ACF2A91005A003CEC98 /* LOGIN_NOT_ALL_FIELDS_FILLED_light.png in Resources */ = {isa = PBXBuildFile; fileRef = E18F0ACC2A91005A003CEC98 /* LOGIN_NOT_ALL_FIELDS_FILLED_light.png */; };
		E18F0AD02A91005A003CEC98 /* LOGIN_FIELDS_FILLED_light.png in Resources */ = {isa = PBXBuildFile; fileRef = E18F0ACD2A91005A003CEC98 /* LOGIN_FIELDS_FILLED_light.png */; };
		E18F0AD42A910162003CEC98 /* Registration.storyboard in Resources */ = {isa = PBXBuildFile; fileRef = E18F0AD32A910162003CEC98 /* Registration.storyboard */; };
		E18F0AD72A910421003CEC98 /* RegistrationViewController.swift in Sources */ = {isa = PBXBuildFile; fileRef = E18F0AD62A910421003CEC98 /* RegistrationViewController.swift */; };
		E18F0ADA2A9105BA003CEC98 /* RegistrationSnapshotTests.swift in Sources */ = {isa = PBXBuildFile; fileRef = E18F0AD92A9105BA003CEC98 /* RegistrationSnapshotTests.swift */; };
		E18F0AE02A9109DD003CEC98 /* REGISTRATION_LOADING_light.png in Resources */ = {isa = PBXBuildFile; fileRef = E18F0ADC2A9109DC003CEC98 /* REGISTRATION_LOADING_light.png */; };
		E18F0AE12A9109DD003CEC98 /* REGISTRATION_INITIAL_SETUP_light.png in Resources */ = {isa = PBXBuildFile; fileRef = E18F0ADD2A9109DC003CEC98 /* REGISTRATION_INITIAL_SETUP_light.png */; };
		E18F0AE22A9109DD003CEC98 /* REGISTRATION_FIELDS_FILLED_light.png in Resources */ = {isa = PBXBuildFile; fileRef = E18F0ADE2A9109DC003CEC98 /* REGISTRATION_FIELDS_FILLED_light.png */; };
		E18F0AE32A9109DD003CEC98 /* REGISTRATION_NOT_ALL_FIELDS_FILLED_light.png in Resources */ = {isa = PBXBuildFile; fileRef = E18F0ADF2A9109DC003CEC98 /* REGISTRATION_NOT_ALL_FIELDS_FILLED_light.png */; };
		E18F0AE72A9112F2003CEC98 /* AuthenticateAccountPresenter.swift in Sources */ = {isa = PBXBuildFile; fileRef = E18F0AE62A9112F2003CEC98 /* AuthenticateAccountPresenter.swift */; };
		E18F0AE92A913DB1003CEC98 /* AuthenticationSucceedView.swift in Sources */ = {isa = PBXBuildFile; fileRef = E18F0AE82A913DB1003CEC98 /* AuthenticationSucceedView.swift */; };
		E18F0AEB2A913DC2003CEC98 /* AuthenticationLoadingViewModel.swift in Sources */ = {isa = PBXBuildFile; fileRef = E18F0AEA2A913DC2003CEC98 /* AuthenticationLoadingViewModel.swift */; };
		E18F0AED2A913DD0003CEC98 /* AuthenticationLoadingView.swift in Sources */ = {isa = PBXBuildFile; fileRef = E18F0AEC2A913DD0003CEC98 /* AuthenticationLoadingView.swift */; };
		E18F0AEF2A913DE7003CEC98 /* AuthenticationErrorViewModel.swift in Sources */ = {isa = PBXBuildFile; fileRef = E18F0AEE2A913DE7003CEC98 /* AuthenticationErrorViewModel.swift */; };
		E18F0AF12A913E1B003CEC98 /* AuthenticationErrorView.swift in Sources */ = {isa = PBXBuildFile; fileRef = E18F0AF02A913E1B003CEC98 /* AuthenticationErrorView.swift */; };
		E18F0AF52A913F0F003CEC98 /* AuthenticateAccountPresentationAdapter.swift in Sources */ = {isa = PBXBuildFile; fileRef = E18F0AF42A913F0F003CEC98 /* AuthenticateAccountPresentationAdapter.swift */; };
		E18F0AF92A91418C003CEC98 /* CombineHelpers.swift in Sources */ = {isa = PBXBuildFile; fileRef = E18F0AF82A91418C003CEC98 /* CombineHelpers.swift */; };
		E18F0AFC2A9142A1003CEC98 /* LoginUIComposer.swift in Sources */ = {isa = PBXBuildFile; fileRef = E18F0AFB2A9142A1003CEC98 /* LoginUIComposer.swift */; };
		E18F0AFE2A914688003CEC98 /* WeakRefVirtualProxy.swift in Sources */ = {isa = PBXBuildFile; fileRef = E18F0AFD2A914688003CEC98 /* WeakRefVirtualProxy.swift */; };
		E18F0B002A914AC4003CEC98 /* LoginErrorViewAdapter.swift in Sources */ = {isa = PBXBuildFile; fileRef = E18F0AFF2A914AC4003CEC98 /* LoginErrorViewAdapter.swift */; };
		E18F0B032A914DC6003CEC98 /* RegistrationUIComposer.swift in Sources */ = {isa = PBXBuildFile; fileRef = E18F0B022A914DC6003CEC98 /* RegistrationUIComposer.swift */; };
		E18F0B052A914F28003CEC98 /* RegistrationErrorViewAdapter.swift in Sources */ = {isa = PBXBuildFile; fileRef = E18F0B042A914F28003CEC98 /* RegistrationErrorViewAdapter.swift */; };
		E18F0B092A91C0E6003CEC98 /* KeychainAccountCacheStoreTests.swift in Sources */ = {isa = PBXBuildFile; fileRef = E18F0B082A91C0E6003CEC98 /* KeychainAccountCacheStoreTests.swift */; };
		E18F0B0B2A91D674003CEC98 /* AccountCacheStoreSaver.swift in Sources */ = {isa = PBXBuildFile; fileRef = E18F0B0A2A91D674003CEC98 /* AccountCacheStoreSaver.swift */; };
		E18F0B0D2A91D6C2003CEC98 /* AccountCacheStoreRetriever.swift in Sources */ = {isa = PBXBuildFile; fileRef = E18F0B0C2A91D6C2003CEC98 /* AccountCacheStoreRetriever.swift */; };
		E18F0B102A91D6E6003CEC98 /* KeychainAccountCacheStore.swift in Sources */ = {isa = PBXBuildFile; fileRef = E18F0B0F2A91D6E6003CEC98 /* KeychainAccountCacheStore.swift */; };
		E18F0B122A91D745003CEC98 /* AccountCacheStoreRemover.swift in Sources */ = {isa = PBXBuildFile; fileRef = E18F0B112A91D745003CEC98 /* AccountCacheStoreRemover.swift */; };
		E18F0B162A91D967003CEC98 /* MotorcycleCatalogueItem.swift in Sources */ = {isa = PBXBuildFile; fileRef = E18F0B152A91D967003CEC98 /* MotorcycleCatalogueItem.swift */; };
		E18F0B1C2A91DC19003CEC98 /* MotorycleCatalogueStore.swift in Sources */ = {isa = PBXBuildFile; fileRef = E18F0B1B2A91DC19003CEC98 /* MotorycleCatalogueStore.swift */; };
		E18F0B222A91DE16003CEC98 /* MotorycleCatalogueItemsMapperTests.swift in Sources */ = {isa = PBXBuildFile; fileRef = E18F0B212A91DE16003CEC98 /* MotorycleCatalogueItemsMapperTests.swift */; };
		E18F0B242A91E4B9003CEC98 /* MotorycleCatalogueItemsMapper.swift in Sources */ = {isa = PBXBuildFile; fileRef = E18F0B232A91E4B9003CEC98 /* MotorycleCatalogueItemsMapper.swift */; };
		E18F0B302A92126C003CEC98 /* Catalogue.storyboard in Resources */ = {isa = PBXBuildFile; fileRef = E18F0B2F2A92126C003CEC98 /* Catalogue.storyboard */; };
		E1A6D7B52A8C8F1F0094F71C /* AppDelegate.swift in Sources */ = {isa = PBXBuildFile; fileRef = E1A6D7B42A8C8F1F0094F71C /* AppDelegate.swift */; };
		E1A6D7B72A8C8F1F0094F71C /* SceneDelegate.swift in Sources */ = {isa = PBXBuildFile; fileRef = E1A6D7B62A8C8F1F0094F71C /* SceneDelegate.swift */; };
		E1A6D7B92A8C8F1F0094F71C /* ViewController.swift in Sources */ = {isa = PBXBuildFile; fileRef = E1A6D7B82A8C8F1F0094F71C /* ViewController.swift */; };
		E1A6D7BC2A8C8F1F0094F71C /* Main.storyboard in Resources */ = {isa = PBXBuildFile; fileRef = E1A6D7BA2A8C8F1F0094F71C /* Main.storyboard */; };
		E1A6D7BE2A8C8F200094F71C /* Assets.xcassets in Resources */ = {isa = PBXBuildFile; fileRef = E1A6D7BD2A8C8F200094F71C /* Assets.xcassets */; };
		E1A6D7C12A8C8F200094F71C /* LaunchScreen.storyboard in Resources */ = {isa = PBXBuildFile; fileRef = E1A6D7BF2A8C8F200094F71C /* LaunchScreen.storyboard */; };
		E1A6D7E52A8C8F6E0094F71C /* GoogleService-Info.plist in Resources */ = {isa = PBXBuildFile; fileRef = E1A6D7E42A8C8F6E0094F71C /* GoogleService-Info.plist */; };
		E1A6D7E82A8C90780094F71C /* FirebaseFirestore in Frameworks */ = {isa = PBXBuildFile; productRef = E1A6D7E72A8C90780094F71C /* FirebaseFirestore */; };
		E1A6D7EB2A8C94C20094F71C /* FirebaseFirestore in Frameworks */ = {isa = PBXBuildFile; productRef = E1A6D7EA2A8C94C20094F71C /* FirebaseFirestore */; };
/* End PBXBuildFile section */

/* Begin PBXContainerItemProxy section */
		E1A6D7C82A8C8F200094F71C /* PBXContainerItemProxy */ = {
			isa = PBXContainerItemProxy;
			containerPortal = E1A6D7A92A8C8F1F0094F71C /* Project object */;
			proxyType = 1;
			remoteGlobalIDString = E1A6D7B02A8C8F1F0094F71C;
			remoteInfo = NawatechGallery;
		};
/* End PBXContainerItemProxy section */

/* Begin PBXFileReference section */
		E1595A112A8FF75F00B3DA3F /* LoginViewController.swift */ = {isa = PBXFileReference; lastKnownFileType = sourcecode.swift; path = LoginViewController.swift; sourceTree = "<group>"; };
		E1595A152A8FF96300B3DA3F /* LoginSnapshotTests.swift */ = {isa = PBXFileReference; lastKnownFileType = sourcecode.swift; path = LoginSnapshotTests.swift; sourceTree = "<group>"; };
		E1595A182A8FF9DA00B3DA3F /* XCTestCase+Snapshot.swift */ = {isa = PBXFileReference; lastKnownFileType = sourcecode.swift; path = "XCTestCase+Snapshot.swift"; sourceTree = "<group>"; };
		E1595A1A2A8FFA4500B3DA3F /* UIViewController+Snapshot.swift */ = {isa = PBXFileReference; lastKnownFileType = sourcecode.swift; path = "UIViewController+Snapshot.swift"; sourceTree = "<group>"; };
		E1595A1D2A8FFD7C00B3DA3F /* LOGIN_INITIAL_SETUP_light.png */ = {isa = PBXFileReference; lastKnownFileType = image.png; path = LOGIN_INITIAL_SETUP_light.png; sourceTree = "<group>"; };
		E168040E2A8F7E080051B8E5 /* StoredUserAccountUseCaseTests.swift */ = {isa = PBXFileReference; lastKnownFileType = sourcecode.swift; path = StoredUserAccountUseCaseTests.swift; sourceTree = "<group>"; };
		E16804122A8F8CE70051B8E5 /* RegistrationUserAccount.swift */ = {isa = PBXFileReference; lastKnownFileType = sourcecode.swift; path = RegistrationUserAccount.swift; sourceTree = "<group>"; };
		E16804152A8F8D340051B8E5 /* RegistrationUserAccountStore.swift */ = {isa = PBXFileReference; lastKnownFileType = sourcecode.swift; path = RegistrationUserAccountStore.swift; sourceTree = "<group>"; };
		E16804172A8F8D510051B8E5 /* StoredRegistrationUserAccount.swift */ = {isa = PBXFileReference; lastKnownFileType = sourcecode.swift; path = StoredRegistrationUserAccount.swift; sourceTree = "<group>"; };
		E16804192A8F8DD80051B8E5 /* RegistrationUserAccountService.swift */ = {isa = PBXFileReference; lastKnownFileType = sourcecode.swift; path = RegistrationUserAccountService.swift; sourceTree = "<group>"; };
		E168041E2A8FA47A0051B8E5 /* Login.storyboard */ = {isa = PBXFileReference; lastKnownFileType = file.storyboard; path = Login.storyboard; sourceTree = "<group>"; };
		E18D795E2A8E57B5007DEEE1 /* ValidateUserAuthenticationStoreTests.swift */ = {isa = PBXFileReference; lastKnownFileType = sourcecode.swift; path = ValidateUserAuthenticationStoreTests.swift; sourceTree = "<group>"; };
		E18D79622A8EA541007DEEE1 /* AuthenticationUserStore.swift */ = {isa = PBXFileReference; lastKnownFileType = sourcecode.swift; path = AuthenticationUserStore.swift; sourceTree = "<group>"; };
		E18D79652A8EA5B2007DEEE1 /* UserAccount.swift */ = {isa = PBXFileReference; lastKnownFileType = sourcecode.swift; path = UserAccount.swift; sourceTree = "<group>"; };
		E18D79692A8EAC4E007DEEE1 /* AuthenticationUserBody.swift */ = {isa = PBXFileReference; lastKnownFileType = sourcecode.swift; path = AuthenticationUserBody.swift; sourceTree = "<group>"; };
		E18D796B2A8EAD4F007DEEE1 /* StoredUserAccount.swift */ = {isa = PBXFileReference; lastKnownFileType = sourcecode.swift; path = StoredUserAccount.swift; sourceTree = "<group>"; };
		E18D796D2A8EAD60007DEEE1 /* AuthenticationValidationService.swift */ = {isa = PBXFileReference; lastKnownFileType = sourcecode.swift; path = AuthenticationValidationService.swift; sourceTree = "<group>"; };
		E18F0ACB2A91005A003CEC98 /* LOGIN_LOADING_light.png */ = {isa = PBXFileReference; lastKnownFileType = image.png; path = LOGIN_LOADING_light.png; sourceTree = "<group>"; };
		E18F0ACC2A91005A003CEC98 /* LOGIN_NOT_ALL_FIELDS_FILLED_light.png */ = {isa = PBXFileReference; lastKnownFileType = image.png; path = LOGIN_NOT_ALL_FIELDS_FILLED_light.png; sourceTree = "<group>"; };
		E18F0ACD2A91005A003CEC98 /* LOGIN_FIELDS_FILLED_light.png */ = {isa = PBXFileReference; lastKnownFileType = image.png; path = LOGIN_FIELDS_FILLED_light.png; sourceTree = "<group>"; };
		E18F0AD32A910162003CEC98 /* Registration.storyboard */ = {isa = PBXFileReference; lastKnownFileType = file.storyboard; path = Registration.storyboard; sourceTree = "<group>"; };
		E18F0AD62A910421003CEC98 /* RegistrationViewController.swift */ = {isa = PBXFileReference; lastKnownFileType = sourcecode.swift; path = RegistrationViewController.swift; sourceTree = "<group>"; };
		E18F0AD92A9105BA003CEC98 /* RegistrationSnapshotTests.swift */ = {isa = PBXFileReference; lastKnownFileType = sourcecode.swift; path = RegistrationSnapshotTests.swift; sourceTree = "<group>"; };
		E18F0ADC2A9109DC003CEC98 /* REGISTRATION_LOADING_light.png */ = {isa = PBXFileReference; lastKnownFileType = image.png; path = REGISTRATION_LOADING_light.png; sourceTree = "<group>"; };
		E18F0ADD2A9109DC003CEC98 /* REGISTRATION_INITIAL_SETUP_light.png */ = {isa = PBXFileReference; lastKnownFileType = image.png; path = REGISTRATION_INITIAL_SETUP_light.png; sourceTree = "<group>"; };
		E18F0ADE2A9109DC003CEC98 /* REGISTRATION_FIELDS_FILLED_light.png */ = {isa = PBXFileReference; lastKnownFileType = image.png; path = REGISTRATION_FIELDS_FILLED_light.png; sourceTree = "<group>"; };
		E18F0ADF2A9109DC003CEC98 /* REGISTRATION_NOT_ALL_FIELDS_FILLED_light.png */ = {isa = PBXFileReference; lastKnownFileType = image.png; path = REGISTRATION_NOT_ALL_FIELDS_FILLED_light.png; sourceTree = "<group>"; };
		E18F0AE62A9112F2003CEC98 /* AuthenticateAccountPresenter.swift */ = {isa = PBXFileReference; lastKnownFileType = sourcecode.swift; path = AuthenticateAccountPresenter.swift; sourceTree = "<group>"; };
		E18F0AE82A913DB1003CEC98 /* AuthenticationSucceedView.swift */ = {isa = PBXFileReference; lastKnownFileType = sourcecode.swift; path = AuthenticationSucceedView.swift; sourceTree = "<group>"; };
		E18F0AEA2A913DC2003CEC98 /* AuthenticationLoadingViewModel.swift */ = {isa = PBXFileReference; lastKnownFileType = sourcecode.swift; path = AuthenticationLoadingViewModel.swift; sourceTree = "<group>"; };
		E18F0AEC2A913DD0003CEC98 /* AuthenticationLoadingView.swift */ = {isa = PBXFileReference; lastKnownFileType = sourcecode.swift; path = AuthenticationLoadingView.swift; sourceTree = "<group>"; };
		E18F0AEE2A913DE7003CEC98 /* AuthenticationErrorViewModel.swift */ = {isa = PBXFileReference; lastKnownFileType = sourcecode.swift; path = AuthenticationErrorViewModel.swift; sourceTree = "<group>"; };
		E18F0AF02A913E1B003CEC98 /* AuthenticationErrorView.swift */ = {isa = PBXFileReference; lastKnownFileType = sourcecode.swift; path = AuthenticationErrorView.swift; sourceTree = "<group>"; };
		E18F0AF42A913F0F003CEC98 /* AuthenticateAccountPresentationAdapter.swift */ = {isa = PBXFileReference; lastKnownFileType = sourcecode.swift; path = AuthenticateAccountPresentationAdapter.swift; sourceTree = "<group>"; };
		E18F0AF82A91418C003CEC98 /* CombineHelpers.swift */ = {isa = PBXFileReference; lastKnownFileType = sourcecode.swift; path = CombineHelpers.swift; sourceTree = "<group>"; };
		E18F0AFB2A9142A1003CEC98 /* LoginUIComposer.swift */ = {isa = PBXFileReference; lastKnownFileType = sourcecode.swift; path = LoginUIComposer.swift; sourceTree = "<group>"; };
		E18F0AFD2A914688003CEC98 /* WeakRefVirtualProxy.swift */ = {isa = PBXFileReference; lastKnownFileType = sourcecode.swift; path = WeakRefVirtualProxy.swift; sourceTree = "<group>"; };
		E18F0AFF2A914AC4003CEC98 /* LoginErrorViewAdapter.swift */ = {isa = PBXFileReference; lastKnownFileType = sourcecode.swift; path = LoginErrorViewAdapter.swift; sourceTree = "<group>"; };
		E18F0B022A914DC6003CEC98 /* RegistrationUIComposer.swift */ = {isa = PBXFileReference; lastKnownFileType = sourcecode.swift; path = RegistrationUIComposer.swift; sourceTree = "<group>"; };
		E18F0B042A914F28003CEC98 /* RegistrationErrorViewAdapter.swift */ = {isa = PBXFileReference; lastKnownFileType = sourcecode.swift; path = RegistrationErrorViewAdapter.swift; sourceTree = "<group>"; };
		E18F0B082A91C0E6003CEC98 /* KeychainAccountCacheStoreTests.swift */ = {isa = PBXFileReference; lastKnownFileType = sourcecode.swift; path = KeychainAccountCacheStoreTests.swift; sourceTree = "<group>"; };
		E18F0B0A2A91D674003CEC98 /* AccountCacheStoreSaver.swift */ = {isa = PBXFileReference; lastKnownFileType = sourcecode.swift; path = AccountCacheStoreSaver.swift; sourceTree = "<group>"; };
		E18F0B0C2A91D6C2003CEC98 /* AccountCacheStoreRetriever.swift */ = {isa = PBXFileReference; lastKnownFileType = sourcecode.swift; path = AccountCacheStoreRetriever.swift; sourceTree = "<group>"; };
		E18F0B0F2A91D6E6003CEC98 /* KeychainAccountCacheStore.swift */ = {isa = PBXFileReference; lastKnownFileType = sourcecode.swift; path = KeychainAccountCacheStore.swift; sourceTree = "<group>"; };
		E18F0B112A91D745003CEC98 /* AccountCacheStoreRemover.swift */ = {isa = PBXFileReference; lastKnownFileType = sourcecode.swift; path = AccountCacheStoreRemover.swift; sourceTree = "<group>"; };
		E18F0B152A91D967003CEC98 /* MotorcycleCatalogueItem.swift */ = {isa = PBXFileReference; lastKnownFileType = sourcecode.swift; path = MotorcycleCatalogueItem.swift; sourceTree = "<group>"; };
		E18F0B1B2A91DC19003CEC98 /* MotorycleCatalogueStore.swift */ = {isa = PBXFileReference; lastKnownFileType = sourcecode.swift; path = MotorycleCatalogueStore.swift; sourceTree = "<group>"; };
		E18F0B212A91DE16003CEC98 /* MotorycleCatalogueItemsMapperTests.swift */ = {isa = PBXFileReference; lastKnownFileType = sourcecode.swift; path = MotorycleCatalogueItemsMapperTests.swift; sourceTree = "<group>"; };
		E18F0B232A91E4B9003CEC98 /* MotorycleCatalogueItemsMapper.swift */ = {isa = PBXFileReference; lastKnownFileType = sourcecode.swift; path = MotorycleCatalogueItemsMapper.swift; sourceTree = "<group>"; };
		E18F0B2F2A92126C003CEC98 /* Catalogue.storyboard */ = {isa = PBXFileReference; lastKnownFileType = file.storyboard; path = Catalogue.storyboard; sourceTree = "<group>"; };
		E1A6D7B12A8C8F1F0094F71C /* NawatechGallery.app */ = {isa = PBXFileReference; explicitFileType = wrapper.application; includeInIndex = 0; path = NawatechGallery.app; sourceTree = BUILT_PRODUCTS_DIR; };
		E1A6D7B42A8C8F1F0094F71C /* AppDelegate.swift */ = {isa = PBXFileReference; lastKnownFileType = sourcecode.swift; path = AppDelegate.swift; sourceTree = "<group>"; };
		E1A6D7B62A8C8F1F0094F71C /* SceneDelegate.swift */ = {isa = PBXFileReference; lastKnownFileType = sourcecode.swift; path = SceneDelegate.swift; sourceTree = "<group>"; };
		E1A6D7B82A8C8F1F0094F71C /* ViewController.swift */ = {isa = PBXFileReference; lastKnownFileType = sourcecode.swift; path = ViewController.swift; sourceTree = "<group>"; };
		E1A6D7BB2A8C8F1F0094F71C /* Base */ = {isa = PBXFileReference; lastKnownFileType = file.storyboard; name = Base; path = Base.lproj/Main.storyboard; sourceTree = "<group>"; };
		E1A6D7BD2A8C8F200094F71C /* Assets.xcassets */ = {isa = PBXFileReference; lastKnownFileType = folder.assetcatalog; path = Assets.xcassets; sourceTree = "<group>"; };
		E1A6D7C02A8C8F200094F71C /* Base */ = {isa = PBXFileReference; lastKnownFileType = file.storyboard; name = Base; path = Base.lproj/LaunchScreen.storyboard; sourceTree = "<group>"; };
		E1A6D7C22A8C8F200094F71C /* Info.plist */ = {isa = PBXFileReference; lastKnownFileType = text.plist.xml; path = Info.plist; sourceTree = "<group>"; };
		E1A6D7C72A8C8F200094F71C /* NawatechGalleryTests.xctest */ = {isa = PBXFileReference; explicitFileType = wrapper.cfbundle; includeInIndex = 0; path = NawatechGalleryTests.xctest; sourceTree = BUILT_PRODUCTS_DIR; };
		E1A6D7E42A8C8F6E0094F71C /* GoogleService-Info.plist */ = {isa = PBXFileReference; fileEncoding = 4; lastKnownFileType = text.plist.xml; path = "GoogleService-Info.plist"; sourceTree = "<group>"; };
/* End PBXFileReference section */

/* Begin PBXFrameworksBuildPhase section */
		E1A6D7AE2A8C8F1F0094F71C /* Frameworks */ = {
			isa = PBXFrameworksBuildPhase;
			buildActionMask = 2147483647;
			files = (
				E1A6D7E82A8C90780094F71C /* FirebaseFirestore in Frameworks */,
			);
			runOnlyForDeploymentPostprocessing = 0;
		};
		E1A6D7C42A8C8F200094F71C /* Frameworks */ = {
			isa = PBXFrameworksBuildPhase;
			buildActionMask = 2147483647;
			files = (
				E1A6D7EB2A8C94C20094F71C /* FirebaseFirestore in Frameworks */,
			);
			runOnlyForDeploymentPostprocessing = 0;
		};
/* End PBXFrameworksBuildPhase section */

/* Begin PBXGroup section */
		E1595A102A8FF74F00B3DA3F /* Controller */ = {
			isa = PBXGroup;
			children = (
				E1595A112A8FF75F00B3DA3F /* LoginViewController.swift */,
			);
			path = Controller;
			sourceTree = "<group>";
		};
		E1595A132A8FF93200B3DA3F /* NawatechGalleryiOS */ = {
			isa = PBXGroup;
			children = (
				E1595A172A8FF9C800B3DA3F /* Helpers */,
				E1595A142A8FF94F00B3DA3F /* Login UI */,
				E18F0AD82A9105A5003CEC98 /* Registration UI */,
			);
			path = NawatechGalleryiOS;
			sourceTree = "<group>";
		};
		E1595A142A8FF94F00B3DA3F /* Login UI */ = {
			isa = PBXGroup;
			children = (
				E1595A1C2A8FFD7C00B3DA3F /* snapshots */,
				E1595A152A8FF96300B3DA3F /* LoginSnapshotTests.swift */,
			);
			path = "Login UI";
			sourceTree = "<group>";
		};
		E1595A172A8FF9C800B3DA3F /* Helpers */ = {
			isa = PBXGroup;
			children = (
				E1595A182A8FF9DA00B3DA3F /* XCTestCase+Snapshot.swift */,
				E1595A1A2A8FFA4500B3DA3F /* UIViewController+Snapshot.swift */,
			);
			path = Helpers;
			sourceTree = "<group>";
		};
		E1595A1C2A8FFD7C00B3DA3F /* snapshots */ = {
			isa = PBXGroup;
			children = (
				E18F0ACD2A91005A003CEC98 /* LOGIN_FIELDS_FILLED_light.png */,
				E18F0ACB2A91005A003CEC98 /* LOGIN_LOADING_light.png */,
				E18F0ACC2A91005A003CEC98 /* LOGIN_NOT_ALL_FIELDS_FILLED_light.png */,
				E1595A1D2A8FFD7C00B3DA3F /* LOGIN_INITIAL_SETUP_light.png */,
			);
			path = snapshots;
			sourceTree = "<group>";
		};
		E168040D2A8F7DC80051B8E5 /* Registration */ = {
			isa = PBXGroup;
			children = (
				E168040E2A8F7E080051B8E5 /* StoredUserAccountUseCaseTests.swift */,
			);
			path = Registration;
			sourceTree = "<group>";
		};
		E16804102A8F8CBA0051B8E5 /* Registration */ = {
			isa = PBXGroup;
			children = (
				E16804142A8F8D2B0051B8E5 /* Store */,
				E16804112A8F8CD80051B8E5 /* Feature */,
			);
			path = Registration;
			sourceTree = "<group>";
		};
		E16804112A8F8CD80051B8E5 /* Feature */ = {
			isa = PBXGroup;
			children = (
				E16804122A8F8CE70051B8E5 /* RegistrationUserAccount.swift */,
			);
			path = Feature;
			sourceTree = "<group>";
		};
		E16804142A8F8D2B0051B8E5 /* Store */ = {
			isa = PBXGroup;
			children = (
				E16804152A8F8D340051B8E5 /* RegistrationUserAccountStore.swift */,
				E16804172A8F8D510051B8E5 /* StoredRegistrationUserAccount.swift */,
				E16804192A8F8DD80051B8E5 /* RegistrationUserAccountService.swift */,
			);
			path = Store;
			sourceTree = "<group>";
		};
		E168041B2A8F96300051B8E5 /* NawatechGalleryiOS */ = {
			isa = PBXGroup;
			children = (
				E18F0AD12A91014C003CEC98 /* Registration UI */,
				E168041C2A8F963D0051B8E5 /* Login UI */,
				E18F0B2D2A9211E3003CEC98 /* Catalogue UI */,
			);
			path = NawatechGalleryiOS;
			sourceTree = "<group>";
		};
		E168041C2A8F963D0051B8E5 /* Login UI */ = {
			isa = PBXGroup;
			children = (
				E1595A102A8FF74F00B3DA3F /* Controller */,
				E168041D2A8FA46F0051B8E5 /* Views */,
			);
			path = "Login UI";
			sourceTree = "<group>";
		};
		E168041D2A8FA46F0051B8E5 /* Views */ = {
			isa = PBXGroup;
			children = (
				E168041E2A8FA47A0051B8E5 /* Login.storyboard */,
			);
			path = Views;
			sourceTree = "<group>";
		};
		E18D795D2A8E56F5007DEEE1 /* Authentication */ = {
			isa = PBXGroup;
			children = (
				E18D796F2A8EADC4007DEEE1 /* Store */,
			);
			path = Authentication;
			sourceTree = "<group>";
		};
		E18D79602A8EA51C007DEEE1 /* Authentication */ = {
			isa = PBXGroup;
			children = (
				E18D79612A8EA52B007DEEE1 /* Store */,
				E18D79642A8EA5A2007DEEE1 /* Feature */,
			);
			path = Authentication;
			sourceTree = "<group>";
		};
		E18D79612A8EA52B007DEEE1 /* Store */ = {
			isa = PBXGroup;
			children = (
				E18F0B0E2A91D6D8003CEC98 /* Cache */,
				E18D79622A8EA541007DEEE1 /* AuthenticationUserStore.swift */,
				E18D79692A8EAC4E007DEEE1 /* AuthenticationUserBody.swift */,
				E18D796B2A8EAD4F007DEEE1 /* StoredUserAccount.swift */,
				E18D796D2A8EAD60007DEEE1 /* AuthenticationValidationService.swift */,
			);
			path = Store;
			sourceTree = "<group>";
		};
		E18D79642A8EA5A2007DEEE1 /* Feature */ = {
			isa = PBXGroup;
			children = (
				E18D79652A8EA5B2007DEEE1 /* UserAccount.swift */,
				E18F0B0A2A91D674003CEC98 /* AccountCacheStoreSaver.swift */,
				E18F0B0C2A91D6C2003CEC98 /* AccountCacheStoreRetriever.swift */,
				E18F0B112A91D745003CEC98 /* AccountCacheStoreRemover.swift */,
			);
			path = Feature;
			sourceTree = "<group>";
		};
		E18D796F2A8EADC4007DEEE1 /* Store */ = {
			isa = PBXGroup;
			children = (
				E18F0B072A91C0BF003CEC98 /* Cache */,
				E18D795E2A8E57B5007DEEE1 /* ValidateUserAuthenticationStoreTests.swift */,
			);
			path = Store;
			sourceTree = "<group>";
		};
		E18F0AD12A91014C003CEC98 /* Registration UI */ = {
			isa = PBXGroup;
			children = (
				E18F0AD52A910412003CEC98 /* Controller */,
				E18F0AD22A910153003CEC98 /* Views */,
			);
			path = "Registration UI";
			sourceTree = "<group>";
		};
		E18F0AD22A910153003CEC98 /* Views */ = {
			isa = PBXGroup;
			children = (
				E18F0AD32A910162003CEC98 /* Registration.storyboard */,
			);
			path = Views;
			sourceTree = "<group>";
		};
		E18F0AD52A910412003CEC98 /* Controller */ = {
			isa = PBXGroup;
			children = (
				E18F0AD62A910421003CEC98 /* RegistrationViewController.swift */,
			);
			path = Controller;
			sourceTree = "<group>";
		};
		E18F0AD82A9105A5003CEC98 /* Registration UI */ = {
			isa = PBXGroup;
			children = (
				E18F0ADB2A9109DC003CEC98 /* snapshots */,
				E18F0AD92A9105BA003CEC98 /* RegistrationSnapshotTests.swift */,
			);
			path = "Registration UI";
			sourceTree = "<group>";
		};
		E18F0ADB2A9109DC003CEC98 /* snapshots */ = {
			isa = PBXGroup;
			children = (
				E18F0ADC2A9109DC003CEC98 /* REGISTRATION_LOADING_light.png */,
				E18F0ADD2A9109DC003CEC98 /* REGISTRATION_INITIAL_SETUP_light.png */,
				E18F0ADE2A9109DC003CEC98 /* REGISTRATION_FIELDS_FILLED_light.png */,
				E18F0ADF2A9109DC003CEC98 /* REGISTRATION_NOT_ALL_FIELDS_FILLED_light.png */,
			);
			path = snapshots;
			sourceTree = "<group>";
		};
		E18F0AE42A911235003CEC98 /* Shared Presentation */ = {
			isa = PBXGroup;
			children = (
				E18F0AE52A9112A4003CEC98 /* Authentication */,
			);
			path = "Shared Presentation";
			sourceTree = "<group>";
		};
		E18F0AE52A9112A4003CEC98 /* Authentication */ = {
			isa = PBXGroup;
			children = (
				E18F0AE62A9112F2003CEC98 /* AuthenticateAccountPresenter.swift */,
				E18F0AE82A913DB1003CEC98 /* AuthenticationSucceedView.swift */,
				E18F0AEA2A913DC2003CEC98 /* AuthenticationLoadingViewModel.swift */,
				E18F0AEC2A913DD0003CEC98 /* AuthenticationLoadingView.swift */,
				E18F0AEE2A913DE7003CEC98 /* AuthenticationErrorViewModel.swift */,
				E18F0AF02A913E1B003CEC98 /* AuthenticationErrorView.swift */,
			);
			path = Authentication;
			sourceTree = "<group>";
		};
		E18F0AF62A91414B003CEC98 /* UI Composer */ = {
			isa = PBXGroup;
			children = (
				E18F0B012A914D81003CEC98 /* Registration */,
				E18F0AFA2A91428E003CEC98 /* Login */,
				E18F0AF42A913F0F003CEC98 /* AuthenticateAccountPresentationAdapter.swift */,
			);
			path = "UI Composer";
			sourceTree = "<group>";
		};
		E18F0AF72A91417A003CEC98 /* Helpers */ = {
			isa = PBXGroup;
			children = (
				E18F0AF82A91418C003CEC98 /* CombineHelpers.swift */,
				E18F0AFD2A914688003CEC98 /* WeakRefVirtualProxy.swift */,
			);
			path = Helpers;
			sourceTree = "<group>";
		};
		E18F0AFA2A91428E003CEC98 /* Login */ = {
			isa = PBXGroup;
			children = (
				E18F0AFB2A9142A1003CEC98 /* LoginUIComposer.swift */,
				E18F0AFF2A914AC4003CEC98 /* LoginErrorViewAdapter.swift */,
			);
			path = Login;
			sourceTree = "<group>";
		};
		E18F0B012A914D81003CEC98 /* Registration */ = {
			isa = PBXGroup;
			children = (
				E18F0B022A914DC6003CEC98 /* RegistrationUIComposer.swift */,
				E18F0B042A914F28003CEC98 /* RegistrationErrorViewAdapter.swift */,
			);
			path = Registration;
			sourceTree = "<group>";
		};
		E18F0B072A91C0BF003CEC98 /* Cache */ = {
			isa = PBXGroup;
			children = (
				E18F0B082A91C0E6003CEC98 /* KeychainAccountCacheStoreTests.swift */,
			);
			path = Cache;
			sourceTree = "<group>";
		};
		E18F0B0E2A91D6D8003CEC98 /* Cache */ = {
			isa = PBXGroup;
			children = (
				E18F0B0F2A91D6E6003CEC98 /* KeychainAccountCacheStore.swift */,
			);
			path = Cache;
			sourceTree = "<group>";
		};
		E18F0B132A91D8FD003CEC98 /* Motorcycle Catalogue */ = {
			isa = PBXGroup;
			children = (
				E18F0B1A2A91DBFB003CEC98 /* Store */,
				E18F0B142A91D939003CEC98 /* Feature */,
			);
			path = "Motorcycle Catalogue";
			sourceTree = "<group>";
		};
		E18F0B142A91D939003CEC98 /* Feature */ = {
			isa = PBXGroup;
			children = (
				E18F0B152A91D967003CEC98 /* MotorcycleCatalogueItem.swift */,
			);
			path = Feature;
			sourceTree = "<group>";
		};
		E18F0B1A2A91DBFB003CEC98 /* Store */ = {
			isa = PBXGroup;
			children = (
				E18F0B1B2A91DC19003CEC98 /* MotorycleCatalogueStore.swift */,
				E18F0B232A91E4B9003CEC98 /* MotorycleCatalogueItemsMapper.swift */,
			);
			path = Store;
			sourceTree = "<group>";
		};
		E18F0B1D2A91DDC1003CEC98 /* Motorycle Catalogue */ = {
			isa = PBXGroup;
			children = (
				E18F0B202A91DE05003CEC98 /* Store */,
			);
			path = "Motorycle Catalogue";
			sourceTree = "<group>";
		};
		E18F0B202A91DE05003CEC98 /* Store */ = {
			isa = PBXGroup;
			children = (
				E18F0B212A91DE16003CEC98 /* MotorycleCatalogueItemsMapperTests.swift */,
			);
			path = Store;
			sourceTree = "<group>";
		};
		E18F0B2D2A9211E3003CEC98 /* Catalogue UI */ = {
			isa = PBXGroup;
			children = (
				E18F0B2E2A921234003CEC98 /* Views */,
			);
			path = "Catalogue UI";
			sourceTree = "<group>";
		};
		E18F0B2E2A921234003CEC98 /* Views */ = {
			isa = PBXGroup;
			children = (
				E18F0B2F2A92126C003CEC98 /* Catalogue.storyboard */,
			);
			path = Views;
			sourceTree = "<group>";
		};
		E1A6D7A82A8C8F1F0094F71C = {
			isa = PBXGroup;
			children = (
				E1A6D7B32A8C8F1F0094F71C /* NawatechGallery */,
				E1A6D7CA2A8C8F200094F71C /* NawatechGalleryTests */,
				E1A6D7B22A8C8F1F0094F71C /* Products */,
				E1A6D7E92A8C94C20094F71C /* Frameworks */,
			);
			sourceTree = "<group>";
		};
		E1A6D7B22A8C8F1F0094F71C /* Products */ = {
			isa = PBXGroup;
			children = (
				E1A6D7B12A8C8F1F0094F71C /* NawatechGallery.app */,
				E1A6D7C72A8C8F200094F71C /* NawatechGalleryTests.xctest */,
			);
			name = Products;
			sourceTree = "<group>";
		};
		E1A6D7B32A8C8F1F0094F71C /* NawatechGallery */ = {
			isa = PBXGroup;
			children = (
				E18F0AE42A911235003CEC98 /* Shared Presentation */,
				E16804102A8F8CBA0051B8E5 /* Registration */,
				E18D79602A8EA51C007DEEE1 /* Authentication */,
				E18F0B132A91D8FD003CEC98 /* Motorcycle Catalogue */,
				E168041B2A8F96300051B8E5 /* NawatechGalleryiOS */,
				E18F0AF62A91414B003CEC98 /* UI Composer */,
				E18F0AF72A91417A003CEC98 /* Helpers */,
				E1A6D7B42A8C8F1F0094F71C /* AppDelegate.swift */,
				E1A6D7B62A8C8F1F0094F71C /* SceneDelegate.swift */,
				E1A6D7B82A8C8F1F0094F71C /* ViewController.swift */,
				E1A6D7BA2A8C8F1F0094F71C /* Main.storyboard */,
				E1A6D7BD2A8C8F200094F71C /* Assets.xcassets */,
				E1A6D7BF2A8C8F200094F71C /* LaunchScreen.storyboard */,
				E1A6D7C22A8C8F200094F71C /* Info.plist */,
				E1A6D7E42A8C8F6E0094F71C /* GoogleService-Info.plist */,
			);
			path = NawatechGallery;
			sourceTree = "<group>";
		};
		E1A6D7CA2A8C8F200094F71C /* NawatechGalleryTests */ = {
			isa = PBXGroup;
			children = (
				E1595A132A8FF93200B3DA3F /* NawatechGalleryiOS */,
				E168040D2A8F7DC80051B8E5 /* Registration */,
				E18D795D2A8E56F5007DEEE1 /* Authentication */,
				E18F0B1D2A91DDC1003CEC98 /* Motorycle Catalogue */,
			);
			path = NawatechGalleryTests;
			sourceTree = "<group>";
		};
		E1A6D7E92A8C94C20094F71C /* Frameworks */ = {
			isa = PBXGroup;
			children = (
			);
			name = Frameworks;
			sourceTree = "<group>";
		};
/* End PBXGroup section */

/* Begin PBXNativeTarget section */
		E1A6D7B02A8C8F1F0094F71C /* NawatechGallery */ = {
			isa = PBXNativeTarget;
			buildConfigurationList = E1A6D7DB2A8C8F200094F71C /* Build configuration list for PBXNativeTarget "NawatechGallery" */;
			buildPhases = (
				E1A6D7AD2A8C8F1F0094F71C /* Sources */,
				E1A6D7AE2A8C8F1F0094F71C /* Frameworks */,
				E1A6D7AF2A8C8F1F0094F71C /* Resources */,
			);
			buildRules = (
			);
			dependencies = (
			);
			name = NawatechGallery;
			packageProductDependencies = (
				E1A6D7E72A8C90780094F71C /* FirebaseFirestore */,
			);
			productName = NawatechGallery;
			productReference = E1A6D7B12A8C8F1F0094F71C /* NawatechGallery.app */;
			productType = "com.apple.product-type.application";
		};
		E1A6D7C62A8C8F200094F71C /* NawatechGalleryTests */ = {
			isa = PBXNativeTarget;
			buildConfigurationList = E1A6D7DE2A8C8F200094F71C /* Build configuration list for PBXNativeTarget "NawatechGalleryTests" */;
			buildPhases = (
				E1A6D7C32A8C8F200094F71C /* Sources */,
				E1A6D7C42A8C8F200094F71C /* Frameworks */,
				E1A6D7C52A8C8F200094F71C /* Resources */,
			);
			buildRules = (
			);
			dependencies = (
				E1A6D7C92A8C8F200094F71C /* PBXTargetDependency */,
			);
			name = NawatechGalleryTests;
			packageProductDependencies = (
				E1A6D7EA2A8C94C20094F71C /* FirebaseFirestore */,
			);
			productName = NawatechGalleryTests;
			productReference = E1A6D7C72A8C8F200094F71C /* NawatechGalleryTests.xctest */;
			productType = "com.apple.product-type.bundle.unit-test";
		};
/* End PBXNativeTarget section */

/* Begin PBXProject section */
		E1A6D7A92A8C8F1F0094F71C /* Project object */ = {
			isa = PBXProject;
			attributes = {
				BuildIndependentTargetsInParallel = 1;
				LastSwiftUpdateCheck = 1400;
				LastUpgradeCheck = 1400;
				TargetAttributes = {
					E1A6D7B02A8C8F1F0094F71C = {
						CreatedOnToolsVersion = 14.0;
					};
					E1A6D7C62A8C8F200094F71C = {
						CreatedOnToolsVersion = 14.0;
						LastSwiftMigration = 1400;
						TestTargetID = E1A6D7B02A8C8F1F0094F71C;
					};
				};
			};
			buildConfigurationList = E1A6D7AC2A8C8F1F0094F71C /* Build configuration list for PBXProject "NawatechGallery" */;
			compatibilityVersion = "Xcode 14.0";
			developmentRegion = en;
			hasScannedForEncodings = 0;
			knownRegions = (
				en,
				Base,
			);
			mainGroup = E1A6D7A82A8C8F1F0094F71C;
			packageReferences = (
				E1A6D7E62A8C90780094F71C /* XCRemoteSwiftPackageReference "firebase-ios-sdk" */,
			);
			productRefGroup = E1A6D7B22A8C8F1F0094F71C /* Products */;
			projectDirPath = "";
			projectRoot = "";
			targets = (
				E1A6D7B02A8C8F1F0094F71C /* NawatechGallery */,
				E1A6D7C62A8C8F200094F71C /* NawatechGalleryTests */,
			);
		};
/* End PBXProject section */

/* Begin PBXResourcesBuildPhase section */
		E1A6D7AF2A8C8F1F0094F71C /* Resources */ = {
			isa = PBXResourcesBuildPhase;
			buildActionMask = 2147483647;
			files = (
				E1A6D7C12A8C8F200094F71C /* LaunchScreen.storyboard in Resources */,
				E18F0AD42A910162003CEC98 /* Registration.storyboard in Resources */,
				E1A6D7E52A8C8F6E0094F71C /* GoogleService-Info.plist in Resources */,
				E18F0B302A92126C003CEC98 /* Catalogue.storyboard in Resources */,
				E1A6D7BE2A8C8F200094F71C /* Assets.xcassets in Resources */,
				E168041F2A8FA47A0051B8E5 /* Login.storyboard in Resources */,
				E1A6D7BC2A8C8F1F0094F71C /* Main.storyboard in Resources */,
			);
			runOnlyForDeploymentPostprocessing = 0;
		};
		E1A6D7C52A8C8F200094F71C /* Resources */ = {
			isa = PBXResourcesBuildPhase;
			buildActionMask = 2147483647;
			files = (
				E1595A1E2A8FFD7C00B3DA3F /* LOGIN_INITIAL_SETUP_light.png in Resources */,
				E18F0AD02A91005A003CEC98 /* LOGIN_FIELDS_FILLED_light.png in Resources */,
				E18F0AE12A9109DD003CEC98 /* REGISTRATION_INITIAL_SETUP_light.png in Resources */,
				E18F0ACF2A91005A003CEC98 /* LOGIN_NOT_ALL_FIELDS_FILLED_light.png in Resources */,
				E18F0AE22A9109DD003CEC98 /* REGISTRATION_FIELDS_FILLED_light.png in Resources */,
				E18F0AE02A9109DD003CEC98 /* REGISTRATION_LOADING_light.png in Resources */,
				E18F0AE32A9109DD003CEC98 /* REGISTRATION_NOT_ALL_FIELDS_FILLED_light.png in Resources */,
				E18F0ACE2A91005A003CEC98 /* LOGIN_LOADING_light.png in Resources */,
			);
			runOnlyForDeploymentPostprocessing = 0;
		};
/* End PBXResourcesBuildPhase section */

/* Begin PBXSourcesBuildPhase section */
		E1A6D7AD2A8C8F1F0094F71C /* Sources */ = {
			isa = PBXSourcesBuildPhase;
			buildActionMask = 2147483647;
			files = (
				E18D796A2A8EAC4E007DEEE1 /* AuthenticationUserBody.swift in Sources */,
				E18F0AE92A913DB1003CEC98 /* AuthenticationSucceedView.swift in Sources */,
				E18F0B102A91D6E6003CEC98 /* KeychainAccountCacheStore.swift in Sources */,
				E18F0AEB2A913DC2003CEC98 /* AuthenticationLoadingViewModel.swift in Sources */,
				E18F0AEF2A913DE7003CEC98 /* AuthenticationErrorViewModel.swift in Sources */,
				E18D796C2A8EAD4F007DEEE1 /* StoredUserAccount.swift in Sources */,
				E18F0B242A91E4B9003CEC98 /* MotorycleCatalogueItemsMapper.swift in Sources */,
				E18F0AF12A913E1B003CEC98 /* AuthenticationErrorView.swift in Sources */,
				E18F0AE72A9112F2003CEC98 /* AuthenticateAccountPresenter.swift in Sources */,
				E18F0B002A914AC4003CEC98 /* LoginErrorViewAdapter.swift in Sources */,
				E18D79632A8EA541007DEEE1 /* AuthenticationUserStore.swift in Sources */,
				E16804182A8F8D510051B8E5 /* StoredRegistrationUserAccount.swift in Sources */,
				E18F0AD72A910421003CEC98 /* RegistrationViewController.swift in Sources */,
				E18F0B0D2A91D6C2003CEC98 /* AccountCacheStoreRetriever.swift in Sources */,
				E18F0B122A91D745003CEC98 /* AccountCacheStoreRemover.swift in Sources */,
				E18F0AFE2A914688003CEC98 /* WeakRefVirtualProxy.swift in Sources */,
				E18F0B032A914DC6003CEC98 /* RegistrationUIComposer.swift in Sources */,
				E1A6D7B92A8C8F1F0094F71C /* ViewController.swift in Sources */,
				E16804132A8F8CE70051B8E5 /* RegistrationUserAccount.swift in Sources */,
				E16804162A8F8D340051B8E5 /* RegistrationUserAccountStore.swift in Sources */,
				E168041A2A8F8DD80051B8E5 /* RegistrationUserAccountService.swift in Sources */,
				E18D796E2A8EAD60007DEEE1 /* AuthenticationValidationService.swift in Sources */,
				E18F0B0B2A91D674003CEC98 /* AccountCacheStoreSaver.swift in Sources */,
				E18F0B1C2A91DC19003CEC98 /* MotorycleCatalogueStore.swift in Sources */,
				E18F0AFC2A9142A1003CEC98 /* LoginUIComposer.swift in Sources */,
				E18F0AF92A91418C003CEC98 /* CombineHelpers.swift in Sources */,
				E18F0B052A914F28003CEC98 /* RegistrationErrorViewAdapter.swift in Sources */,
				E18F0AF52A913F0F003CEC98 /* AuthenticateAccountPresentationAdapter.swift in Sources */,
				E1A6D7B52A8C8F1F0094F71C /* AppDelegate.swift in Sources */,
				E1A6D7B72A8C8F1F0094F71C /* SceneDelegate.swift in Sources */,
				E18F0AED2A913DD0003CEC98 /* AuthenticationLoadingView.swift in Sources */,
				E1595A122A8FF75F00B3DA3F /* LoginViewController.swift in Sources */,
				E18D79662A8EA5B2007DEEE1 /* UserAccount.swift in Sources */,
				E18F0B162A91D967003CEC98 /* MotorcycleCatalogueItem.swift in Sources */,
			);
			runOnlyForDeploymentPostprocessing = 0;
		};
		E1A6D7C32A8C8F200094F71C /* Sources */ = {
			isa = PBXSourcesBuildPhase;
			buildActionMask = 2147483647;
			files = (
				E18F0B222A91DE16003CEC98 /* MotorycleCatalogueItemsMapperTests.swift in Sources */,
				E18F0ADA2A9105BA003CEC98 /* RegistrationSnapshotTests.swift in Sources */,
				E1595A162A8FF96300B3DA3F /* LoginSnapshotTests.swift in Sources */,
				E1595A1B2A8FFA4500B3DA3F /* UIViewController+Snapshot.swift in Sources */,
				E18D795F2A8E57B5007DEEE1 /* ValidateUserAuthenticationStoreTests.swift in Sources */,
				E18F0B092A91C0E6003CEC98 /* KeychainAccountCacheStoreTests.swift in Sources */,
				E1595A192A8FF9DB00B3DA3F /* XCTestCase+Snapshot.swift in Sources */,
				E168040F2A8F7E080051B8E5 /* StoredUserAccountUseCaseTests.swift in Sources */,
			);
			runOnlyForDeploymentPostprocessing = 0;
		};
/* End PBXSourcesBuildPhase section */

/* Begin PBXTargetDependency section */
		E1A6D7C92A8C8F200094F71C /* PBXTargetDependency */ = {
			isa = PBXTargetDependency;
			target = E1A6D7B02A8C8F1F0094F71C /* NawatechGallery */;
			targetProxy = E1A6D7C82A8C8F200094F71C /* PBXContainerItemProxy */;
		};
/* End PBXTargetDependency section */

/* Begin PBXVariantGroup section */
		E1A6D7BA2A8C8F1F0094F71C /* Main.storyboard */ = {
			isa = PBXVariantGroup;
			children = (
				E1A6D7BB2A8C8F1F0094F71C /* Base */,
			);
			name = Main.storyboard;
			sourceTree = "<group>";
		};
		E1A6D7BF2A8C8F200094F71C /* LaunchScreen.storyboard */ = {
			isa = PBXVariantGroup;
			children = (
				E1A6D7C02A8C8F200094F71C /* Base */,
			);
			name = LaunchScreen.storyboard;
			sourceTree = "<group>";
		};
/* End PBXVariantGroup section */

/* Begin XCBuildConfiguration section */
		E1A6D7D92A8C8F200094F71C /* Debug */ = {
			isa = XCBuildConfiguration;
			buildSettings = {
				ALWAYS_SEARCH_USER_PATHS = NO;
				CLANG_ANALYZER_NONNULL = YES;
				CLANG_ANALYZER_NUMBER_OBJECT_CONVERSION = YES_AGGRESSIVE;
				CLANG_CXX_LANGUAGE_STANDARD = "gnu++20";
				CLANG_ENABLE_MODULES = YES;
				CLANG_ENABLE_OBJC_ARC = YES;
				CLANG_ENABLE_OBJC_WEAK = YES;
				CLANG_WARN_BLOCK_CAPTURE_AUTORELEASING = YES;
				CLANG_WARN_BOOL_CONVERSION = YES;
				CLANG_WARN_COMMA = YES;
				CLANG_WARN_CONSTANT_CONVERSION = YES;
				CLANG_WARN_DEPRECATED_OBJC_IMPLEMENTATIONS = YES;
				CLANG_WARN_DIRECT_OBJC_ISA_USAGE = YES_ERROR;
				CLANG_WARN_DOCUMENTATION_COMMENTS = YES;
				CLANG_WARN_EMPTY_BODY = YES;
				CLANG_WARN_ENUM_CONVERSION = YES;
				CLANG_WARN_INFINITE_RECURSION = YES;
				CLANG_WARN_INT_CONVERSION = YES;
				CLANG_WARN_NON_LITERAL_NULL_CONVERSION = YES;
				CLANG_WARN_OBJC_IMPLICIT_RETAIN_SELF = YES;
				CLANG_WARN_OBJC_LITERAL_CONVERSION = YES;
				CLANG_WARN_OBJC_ROOT_CLASS = YES_ERROR;
				CLANG_WARN_QUOTED_INCLUDE_IN_FRAMEWORK_HEADER = YES;
				CLANG_WARN_RANGE_LOOP_ANALYSIS = YES;
				CLANG_WARN_STRICT_PROTOTYPES = YES;
				CLANG_WARN_SUSPICIOUS_MOVE = YES;
				CLANG_WARN_UNGUARDED_AVAILABILITY = YES_AGGRESSIVE;
				CLANG_WARN_UNREACHABLE_CODE = YES;
				CLANG_WARN__DUPLICATE_METHOD_MATCH = YES;
				COPY_PHASE_STRIP = NO;
				DEBUG_INFORMATION_FORMAT = dwarf;
				ENABLE_STRICT_OBJC_MSGSEND = YES;
				ENABLE_TESTABILITY = YES;
				GCC_C_LANGUAGE_STANDARD = gnu11;
				GCC_DYNAMIC_NO_PIC = NO;
				GCC_NO_COMMON_BLOCKS = YES;
				GCC_OPTIMIZATION_LEVEL = 0;
				GCC_PREPROCESSOR_DEFINITIONS = (
					"DEBUG=1",
					"$(inherited)",
				);
				GCC_WARN_64_TO_32_BIT_CONVERSION = YES;
				GCC_WARN_ABOUT_RETURN_TYPE = YES_ERROR;
				GCC_WARN_UNDECLARED_SELECTOR = YES;
				GCC_WARN_UNINITIALIZED_AUTOS = YES_AGGRESSIVE;
				GCC_WARN_UNUSED_FUNCTION = YES;
				GCC_WARN_UNUSED_VARIABLE = YES;
				IPHONEOS_DEPLOYMENT_TARGET = 16.0;
				MTL_ENABLE_DEBUG_INFO = INCLUDE_SOURCE;
				MTL_FAST_MATH = YES;
				ONLY_ACTIVE_ARCH = YES;
				SDKROOT = iphoneos;
				SWIFT_ACTIVE_COMPILATION_CONDITIONS = DEBUG;
				SWIFT_OPTIMIZATION_LEVEL = "-Onone";
			};
			name = Debug;
		};
		E1A6D7DA2A8C8F200094F71C /* Release */ = {
			isa = XCBuildConfiguration;
			buildSettings = {
				ALWAYS_SEARCH_USER_PATHS = NO;
				CLANG_ANALYZER_NONNULL = YES;
				CLANG_ANALYZER_NUMBER_OBJECT_CONVERSION = YES_AGGRESSIVE;
				CLANG_CXX_LANGUAGE_STANDARD = "gnu++20";
				CLANG_ENABLE_MODULES = YES;
				CLANG_ENABLE_OBJC_ARC = YES;
				CLANG_ENABLE_OBJC_WEAK = YES;
				CLANG_WARN_BLOCK_CAPTURE_AUTORELEASING = YES;
				CLANG_WARN_BOOL_CONVERSION = YES;
				CLANG_WARN_COMMA = YES;
				CLANG_WARN_CONSTANT_CONVERSION = YES;
				CLANG_WARN_DEPRECATED_OBJC_IMPLEMENTATIONS = YES;
				CLANG_WARN_DIRECT_OBJC_ISA_USAGE = YES_ERROR;
				CLANG_WARN_DOCUMENTATION_COMMENTS = YES;
				CLANG_WARN_EMPTY_BODY = YES;
				CLANG_WARN_ENUM_CONVERSION = YES;
				CLANG_WARN_INFINITE_RECURSION = YES;
				CLANG_WARN_INT_CONVERSION = YES;
				CLANG_WARN_NON_LITERAL_NULL_CONVERSION = YES;
				CLANG_WARN_OBJC_IMPLICIT_RETAIN_SELF = YES;
				CLANG_WARN_OBJC_LITERAL_CONVERSION = YES;
				CLANG_WARN_OBJC_ROOT_CLASS = YES_ERROR;
				CLANG_WARN_QUOTED_INCLUDE_IN_FRAMEWORK_HEADER = YES;
				CLANG_WARN_RANGE_LOOP_ANALYSIS = YES;
				CLANG_WARN_STRICT_PROTOTYPES = YES;
				CLANG_WARN_SUSPICIOUS_MOVE = YES;
				CLANG_WARN_UNGUARDED_AVAILABILITY = YES_AGGRESSIVE;
				CLANG_WARN_UNREACHABLE_CODE = YES;
				CLANG_WARN__DUPLICATE_METHOD_MATCH = YES;
				COPY_PHASE_STRIP = NO;
				DEBUG_INFORMATION_FORMAT = "dwarf-with-dsym";
				ENABLE_NS_ASSERTIONS = NO;
				ENABLE_STRICT_OBJC_MSGSEND = YES;
				GCC_C_LANGUAGE_STANDARD = gnu11;
				GCC_NO_COMMON_BLOCKS = YES;
				GCC_WARN_64_TO_32_BIT_CONVERSION = YES;
				GCC_WARN_ABOUT_RETURN_TYPE = YES_ERROR;
				GCC_WARN_UNDECLARED_SELECTOR = YES;
				GCC_WARN_UNINITIALIZED_AUTOS = YES_AGGRESSIVE;
				GCC_WARN_UNUSED_FUNCTION = YES;
				GCC_WARN_UNUSED_VARIABLE = YES;
				IPHONEOS_DEPLOYMENT_TARGET = 16.0;
				MTL_ENABLE_DEBUG_INFO = NO;
				MTL_FAST_MATH = YES;
				SDKROOT = iphoneos;
				SWIFT_COMPILATION_MODE = wholemodule;
				SWIFT_OPTIMIZATION_LEVEL = "-O";
				VALIDATE_PRODUCT = YES;
			};
			name = Release;
		};
		E1A6D7DC2A8C8F200094F71C /* Debug */ = {
			isa = XCBuildConfiguration;
			buildSettings = {
				ASSETCATALOG_COMPILER_APPICON_NAME = AppIcon;
				ASSETCATALOG_COMPILER_GLOBAL_ACCENT_COLOR_NAME = AccentColor;
				CODE_SIGN_STYLE = Automatic;
				CURRENT_PROJECT_VERSION = 1;
				DEVELOPMENT_TEAM = YKPQ92PAK3;
				GENERATE_INFOPLIST_FILE = YES;
				INFOPLIST_FILE = NawatechGallery/Info.plist;
				INFOPLIST_KEY_UIApplicationSupportsIndirectInputEvents = YES;
				INFOPLIST_KEY_UILaunchStoryboardName = LaunchScreen;
				INFOPLIST_KEY_UIMainStoryboardFile = Main;
				INFOPLIST_KEY_UISupportedInterfaceOrientations_iPad = "UIInterfaceOrientationPortrait UIInterfaceOrientationPortraitUpsideDown UIInterfaceOrientationLandscapeLeft UIInterfaceOrientationLandscapeRight";
				INFOPLIST_KEY_UISupportedInterfaceOrientations_iPhone = "UIInterfaceOrientationPortrait UIInterfaceOrientationLandscapeLeft UIInterfaceOrientationLandscapeRight";
				LD_RUNPATH_SEARCH_PATHS = (
					"$(inherited)",
					"@executable_path/Frameworks",
				);
				MARKETING_VERSION = 1.0;
				PRODUCT_BUNDLE_IDENTIFIER = com.reynaldiwijaya.NawatechGallery;
				PRODUCT_NAME = "$(TARGET_NAME)";
				SWIFT_EMIT_LOC_STRINGS = YES;
				SWIFT_VERSION = 5.0;
				TARGETED_DEVICE_FAMILY = "1,2";
			};
			name = Debug;
		};
		E1A6D7DD2A8C8F200094F71C /* Release */ = {
			isa = XCBuildConfiguration;
			buildSettings = {
				ASSETCATALOG_COMPILER_APPICON_NAME = AppIcon;
				ASSETCATALOG_COMPILER_GLOBAL_ACCENT_COLOR_NAME = AccentColor;
				CODE_SIGN_STYLE = Automatic;
				CURRENT_PROJECT_VERSION = 1;
				DEVELOPMENT_TEAM = YKPQ92PAK3;
				GENERATE_INFOPLIST_FILE = YES;
				INFOPLIST_FILE = NawatechGallery/Info.plist;
				INFOPLIST_KEY_UIApplicationSupportsIndirectInputEvents = YES;
				INFOPLIST_KEY_UILaunchStoryboardName = LaunchScreen;
				INFOPLIST_KEY_UIMainStoryboardFile = Main;
				INFOPLIST_KEY_UISupportedInterfaceOrientations_iPad = "UIInterfaceOrientationPortrait UIInterfaceOrientationPortraitUpsideDown UIInterfaceOrientationLandscapeLeft UIInterfaceOrientationLandscapeRight";
				INFOPLIST_KEY_UISupportedInterfaceOrientations_iPhone = "UIInterfaceOrientationPortrait UIInterfaceOrientationLandscapeLeft UIInterfaceOrientationLandscapeRight";
				LD_RUNPATH_SEARCH_PATHS = (
					"$(inherited)",
					"@executable_path/Frameworks",
				);
				MARKETING_VERSION = 1.0;
				PRODUCT_BUNDLE_IDENTIFIER = com.reynaldiwijaya.NawatechGallery;
				PRODUCT_NAME = "$(TARGET_NAME)";
				SWIFT_EMIT_LOC_STRINGS = YES;
				SWIFT_VERSION = 5.0;
				TARGETED_DEVICE_FAMILY = "1,2";
			};
			name = Release;
		};
		E1A6D7DF2A8C8F200094F71C /* Debug */ = {
			isa = XCBuildConfiguration;
			buildSettings = {
				ALWAYS_EMBED_SWIFT_STANDARD_LIBRARIES = YES;
				BUNDLE_LOADER = "$(TEST_HOST)";
				CLANG_ENABLE_MODULES = YES;
				CODE_SIGN_STYLE = Automatic;
				CURRENT_PROJECT_VERSION = 1;
				DEVELOPMENT_TEAM = YKPQ92PAK3;
				GENERATE_INFOPLIST_FILE = YES;
				IPHONEOS_DEPLOYMENT_TARGET = 16.0;
				LD_RUNPATH_SEARCH_PATHS = (
					"$(inherited)",
					"@executable_path/Frameworks",
					"@loader_path/Frameworks",
				);
				MARKETING_VERSION = 1.0;
				PRODUCT_BUNDLE_IDENTIFIER = com.reynaldiwijaya.NawatechGalleryTests;
				PRODUCT_NAME = "$(TARGET_NAME)";
				SWIFT_EMIT_LOC_STRINGS = NO;
				SWIFT_OPTIMIZATION_LEVEL = "-Onone";
				SWIFT_VERSION = 5.0;
				TARGETED_DEVICE_FAMILY = "1,2";
				TEST_HOST = "$(BUILT_PRODUCTS_DIR)/NawatechGallery.app/$(BUNDLE_EXECUTABLE_FOLDER_PATH)/NawatechGallery";
			};
			name = Debug;
		};
		E1A6D7E02A8C8F200094F71C /* Release */ = {
			isa = XCBuildConfiguration;
			buildSettings = {
				ALWAYS_EMBED_SWIFT_STANDARD_LIBRARIES = YES;
				BUNDLE_LOADER = "$(TEST_HOST)";
				CLANG_ENABLE_MODULES = YES;
				CODE_SIGN_STYLE = Automatic;
				CURRENT_PROJECT_VERSION = 1;
				DEVELOPMENT_TEAM = YKPQ92PAK3;
				GENERATE_INFOPLIST_FILE = YES;
				IPHONEOS_DEPLOYMENT_TARGET = 16.0;
				LD_RUNPATH_SEARCH_PATHS = (
					"$(inherited)",
					"@executable_path/Frameworks",
					"@loader_path/Frameworks",
				);
				MARKETING_VERSION = 1.0;
				PRODUCT_BUNDLE_IDENTIFIER = com.reynaldiwijaya.NawatechGalleryTests;
				PRODUCT_NAME = "$(TARGET_NAME)";
				SWIFT_EMIT_LOC_STRINGS = NO;
				SWIFT_VERSION = 5.0;
				TARGETED_DEVICE_FAMILY = "1,2";
				TEST_HOST = "$(BUILT_PRODUCTS_DIR)/NawatechGallery.app/$(BUNDLE_EXECUTABLE_FOLDER_PATH)/NawatechGallery";
			};
			name = Release;
		};
/* End XCBuildConfiguration section */

/* Begin XCConfigurationList section */
		E1A6D7AC2A8C8F1F0094F71C /* Build configuration list for PBXProject "NawatechGallery" */ = {
			isa = XCConfigurationList;
			buildConfigurations = (
				E1A6D7D92A8C8F200094F71C /* Debug */,
				E1A6D7DA2A8C8F200094F71C /* Release */,
			);
			defaultConfigurationIsVisible = 0;
			defaultConfigurationName = Release;
		};
		E1A6D7DB2A8C8F200094F71C /* Build configuration list for PBXNativeTarget "NawatechGallery" */ = {
			isa = XCConfigurationList;
			buildConfigurations = (
				E1A6D7DC2A8C8F200094F71C /* Debug */,
				E1A6D7DD2A8C8F200094F71C /* Release */,
			);
			defaultConfigurationIsVisible = 0;
			defaultConfigurationName = Release;
		};
		E1A6D7DE2A8C8F200094F71C /* Build configuration list for PBXNativeTarget "NawatechGalleryTests" */ = {
			isa = XCConfigurationList;
			buildConfigurations = (
				E1A6D7DF2A8C8F200094F71C /* Debug */,
				E1A6D7E02A8C8F200094F71C /* Release */,
			);
			defaultConfigurationIsVisible = 0;
			defaultConfigurationName = Release;
		};
/* End XCConfigurationList section */

/* Begin XCRemoteSwiftPackageReference section */
		E1A6D7E62A8C90780094F71C /* XCRemoteSwiftPackageReference "firebase-ios-sdk" */ = {
			isa = XCRemoteSwiftPackageReference;
			repositoryURL = "https://github.com/firebase/firebase-ios-sdk";
			requirement = {
				kind = upToNextMajorVersion;
				minimumVersion = 9.0.0;
			};
		};
/* End XCRemoteSwiftPackageReference section */

/* Begin XCSwiftPackageProductDependency section */
		E1A6D7E72A8C90780094F71C /* FirebaseFirestore */ = {
			isa = XCSwiftPackageProductDependency;
			package = E1A6D7E62A8C90780094F71C /* XCRemoteSwiftPackageReference "firebase-ios-sdk" */;
			productName = FirebaseFirestore;
		};
		E1A6D7EA2A8C94C20094F71C /* FirebaseFirestore */ = {
			isa = XCSwiftPackageProductDependency;
			package = E1A6D7E62A8C90780094F71C /* XCRemoteSwiftPackageReference "firebase-ios-sdk" */;
			productName = FirebaseFirestore;
		};
/* End XCSwiftPackageProductDependency section */
	};
	rootObject = E1A6D7A92A8C8F1F0094F71C /* Project object */;
}
